// !$*UTF8*$!
{
	archiveVersion = 1;
	classes = {
	};
	objectVersion = 46;
	objects = {

/* Begin PBXBuildFile section */
		78AB3D38146D75D000670352 /* Foundation.framework in Frameworks */ = {isa = PBXBuildFile; fileRef = 78AB3D37146D75D000670352 /* Foundation.framework */; };
		78AB3D60146D760E00670352 /* AFHTTPClient.h in Headers */ = {isa = PBXBuildFile; fileRef = 78AB3D4B146D760E00670352 /* AFHTTPClient.h */; };
		78AB3D61146D760E00670352 /* AFHTTPClient.m in Sources */ = {isa = PBXBuildFile; fileRef = 78AB3D4C146D760E00670352 /* AFHTTPClient.m */; };
		78AB3D62146D760E00670352 /* AFHTTPRequestOperation.h in Headers */ = {isa = PBXBuildFile; fileRef = 78AB3D4D146D760E00670352 /* AFHTTPRequestOperation.h */; };
		78AB3D63146D760E00670352 /* AFHTTPRequestOperation.m in Sources */ = {isa = PBXBuildFile; fileRef = 78AB3D4E146D760E00670352 /* AFHTTPRequestOperation.m */; };
		78AB3D64146D760E00670352 /* AFImageCache.h in Headers */ = {isa = PBXBuildFile; fileRef = 78AB3D4F146D760E00670352 /* AFImageCache.h */; };
		78AB3D65146D760E00670352 /* AFImageCache.m in Sources */ = {isa = PBXBuildFile; fileRef = 78AB3D50146D760E00670352 /* AFImageCache.m */; };
		78AB3D66146D760E00670352 /* AFImageRequestOperation.h in Headers */ = {isa = PBXBuildFile; fileRef = 78AB3D51146D760E00670352 /* AFImageRequestOperation.h */; };
		78AB3D67146D760E00670352 /* AFImageRequestOperation.m in Sources */ = {isa = PBXBuildFile; fileRef = 78AB3D52146D760E00670352 /* AFImageRequestOperation.m */; };
		78AB3D68146D760E00670352 /* AFJSONRequestOperation.h in Headers */ = {isa = PBXBuildFile; fileRef = 78AB3D53146D760E00670352 /* AFJSONRequestOperation.h */; };
		78AB3D69146D760E00670352 /* AFJSONRequestOperation.m in Sources */ = {isa = PBXBuildFile; fileRef = 78AB3D54146D760E00670352 /* AFJSONRequestOperation.m */; };
		78AB3D6A146D760E00670352 /* AFNetworkActivityIndicatorManager.h in Headers */ = {isa = PBXBuildFile; fileRef = 78AB3D55146D760E00670352 /* AFNetworkActivityIndicatorManager.h */; };
		78AB3D6B146D760E00670352 /* AFNetworkActivityIndicatorManager.m in Sources */ = {isa = PBXBuildFile; fileRef = 78AB3D56146D760E00670352 /* AFNetworkActivityIndicatorManager.m */; };
		78AB3D6C146D760E00670352 /* AFNetworking.h in Headers */ = {isa = PBXBuildFile; fileRef = 78AB3D57146D760E00670352 /* AFNetworking.h */; };
		78AB3D6D146D760E00670352 /* AFPropertyListRequestOperation.h in Headers */ = {isa = PBXBuildFile; fileRef = 78AB3D58146D760E00670352 /* AFPropertyListRequestOperation.h */; };
		78AB3D6E146D760E00670352 /* AFPropertyListRequestOperation.m in Sources */ = {isa = PBXBuildFile; fileRef = 78AB3D59146D760E00670352 /* AFPropertyListRequestOperation.m */; };
		78AB3D6F146D760E00670352 /* AFURLConnectionOperation.h in Headers */ = {isa = PBXBuildFile; fileRef = 78AB3D5A146D760E00670352 /* AFURLConnectionOperation.h */; };
		78AB3D70146D760E00670352 /* AFURLConnectionOperation.m in Sources */ = {isa = PBXBuildFile; fileRef = 78AB3D5B146D760E00670352 /* AFURLConnectionOperation.m */; };
		78AB3D71146D760E00670352 /* AFXMLRequestOperation.h in Headers */ = {isa = PBXBuildFile; fileRef = 78AB3D5C146D760E00670352 /* AFXMLRequestOperation.h */; };
		78AB3D72146D760E00670352 /* AFXMLRequestOperation.m in Sources */ = {isa = PBXBuildFile; fileRef = 78AB3D5D146D760E00670352 /* AFXMLRequestOperation.m */; };
		78AB3D73146D760E00670352 /* UIImageView+AFNetworking.h in Headers */ = {isa = PBXBuildFile; fileRef = 78AB3D5E146D760E00670352 /* UIImageView+AFNetworking.h */; };
		78AB3D74146D760E00670352 /* UIImageView+AFNetworking.m in Sources */ = {isa = PBXBuildFile; fileRef = 78AB3D5F146D760E00670352 /* UIImageView+AFNetworking.m */; };
		78AB3D7A146D761600670352 /* JSONKit.h in Headers */ = {isa = PBXBuildFile; fileRef = 78AB3D77146D761600670352 /* JSONKit.h */; };
		78AB3D7B146D761600670352 /* JSONKit.m in Sources */ = {isa = PBXBuildFile; fileRef = 78AB3D78146D761600670352 /* JSONKit.m */; };
		78AB3D8B146D761D00670352 /* SDURLCache.h in Headers */ = {isa = PBXBuildFile; fileRef = 78AB3D80146D761D00670352 /* SDURLCache.h */; };
		78AB3D8C146D761D00670352 /* SDURLCache.m in Sources */ = {isa = PBXBuildFile; fileRef = 78AB3D81146D761D00670352 /* SDURLCache.m */; };
		78AB3DA9146D762500670352 /* ASIAuthenticationDialog.h in Headers */ = {isa = PBXBuildFile; fileRef = 78AB3D97146D762500670352 /* ASIAuthenticationDialog.h */; };
		78AB3DAA146D762500670352 /* ASIAuthenticationDialog.m in Sources */ = {isa = PBXBuildFile; fileRef = 78AB3D98146D762500670352 /* ASIAuthenticationDialog.m */; };
		78AB3DAB146D762500670352 /* ASICacheDelegate.h in Headers */ = {isa = PBXBuildFile; fileRef = 78AB3D99146D762500670352 /* ASICacheDelegate.h */; };
		78AB3DAC146D762500670352 /* ASIDataCompressor.h in Headers */ = {isa = PBXBuildFile; fileRef = 78AB3D9A146D762500670352 /* ASIDataCompressor.h */; };
		78AB3DAD146D762500670352 /* ASIDataCompressor.m in Sources */ = {isa = PBXBuildFile; fileRef = 78AB3D9B146D762500670352 /* ASIDataCompressor.m */; };
		78AB3DAE146D762500670352 /* ASIDataDecompressor.h in Headers */ = {isa = PBXBuildFile; fileRef = 78AB3D9C146D762500670352 /* ASIDataDecompressor.h */; };
		78AB3DAF146D762500670352 /* ASIDataDecompressor.m in Sources */ = {isa = PBXBuildFile; fileRef = 78AB3D9D146D762500670352 /* ASIDataDecompressor.m */; };
		78AB3DB0146D762500670352 /* ASIHTTPRequest.h in Headers */ = {isa = PBXBuildFile; fileRef = 78AB3D9E146D762500670352 /* ASIHTTPRequest.h */; };
		78AB3DB1146D762500670352 /* ASIHTTPRequest.m in Sources */ = {isa = PBXBuildFile; fileRef = 78AB3D9F146D762500670352 /* ASIHTTPRequest.m */; };
		78AB3DB2146D762500670352 /* ASIHTTPRequestConfig.h in Headers */ = {isa = PBXBuildFile; fileRef = 78AB3DA0146D762500670352 /* ASIHTTPRequestConfig.h */; };
		78AB3DB3146D762500670352 /* ASIHTTPRequestDelegate.h in Headers */ = {isa = PBXBuildFile; fileRef = 78AB3DA1146D762500670352 /* ASIHTTPRequestDelegate.h */; };
		78AB3DB4146D762500670352 /* ASIInputStream.h in Headers */ = {isa = PBXBuildFile; fileRef = 78AB3DA2146D762500670352 /* ASIInputStream.h */; };
		78AB3DB5146D762500670352 /* ASIInputStream.m in Sources */ = {isa = PBXBuildFile; fileRef = 78AB3DA3146D762500670352 /* ASIInputStream.m */; };
		78AB3DB6146D762500670352 /* ASINetworkQueue.h in Headers */ = {isa = PBXBuildFile; fileRef = 78AB3DA4146D762500670352 /* ASINetworkQueue.h */; };
		78AB3DB7146D762500670352 /* ASINetworkQueue.m in Sources */ = {isa = PBXBuildFile; fileRef = 78AB3DA5146D762500670352 /* ASINetworkQueue.m */; };
		78AB3DB8146D762500670352 /* ASIProgressDelegate.h in Headers */ = {isa = PBXBuildFile; fileRef = 78AB3DA6146D762500670352 /* ASIProgressDelegate.h */; };
		78AB3DB9146D762500670352 /* Reachability.h in Headers */ = {isa = PBXBuildFile; fileRef = 78AB3DA7146D762500670352 /* Reachability.h */; };
		78AB3DBA146D762500670352 /* Reachability.m in Sources */ = {isa = PBXBuildFile; fileRef = 78AB3DA8146D762500670352 /* Reachability.m */; };
		78AB3DBF146D763100670352 /* libz.dylib in Frameworks */ = {isa = PBXBuildFile; fileRef = 78AB3DBB146D763100670352 /* libz.dylib */; };
		78AB3DC0146D763100670352 /* SystemConfiguration.framework in Frameworks */ = {isa = PBXBuildFile; fileRef = 78AB3DBC146D763100670352 /* SystemConfiguration.framework */; };
		78AB3DC1146D763100670352 /* MobileCoreServices.framework in Frameworks */ = {isa = PBXBuildFile; fileRef = 78AB3DBD146D763100670352 /* MobileCoreServices.framework */; };
		78AB3DC2146D763100670352 /* CFNetwork.framework in Frameworks */ = {isa = PBXBuildFile; fileRef = 78AB3DBE146D763100670352 /* CFNetwork.framework */; };
/* End PBXBuildFile section */

/* Begin PBXFileReference section */
		78AB3D34146D75D000670352 /* libvendor-http.a */ = {isa = PBXFileReference; explicitFileType = archive.ar; includeInIndex = 0; path = "libvendor-http.a"; sourceTree = BUILT_PRODUCTS_DIR; };
		78AB3D37146D75D000670352 /* Foundation.framework */ = {isa = PBXFileReference; lastKnownFileType = wrapper.framework; name = Foundation.framework; path = System/Library/Frameworks/Foundation.framework; sourceTree = SDKROOT; };
		78AB3D3B146D75D000670352 /* vendor-http-Prefix.pch */ = {isa = PBXFileReference; lastKnownFileType = sourcecode.c.h; path = "vendor-http-Prefix.pch"; sourceTree = "<group>"; };
		78AB3D4B146D760E00670352 /* AFHTTPClient.h */ = {isa = PBXFileReference; fileEncoding = 4; lastKnownFileType = sourcecode.c.h; path = AFHTTPClient.h; sourceTree = "<group>"; };
		78AB3D4C146D760E00670352 /* AFHTTPClient.m */ = {isa = PBXFileReference; fileEncoding = 4; lastKnownFileType = sourcecode.c.objc; path = AFHTTPClient.m; sourceTree = "<group>"; };
		78AB3D4D146D760E00670352 /* AFHTTPRequestOperation.h */ = {isa = PBXFileReference; fileEncoding = 4; lastKnownFileType = sourcecode.c.h; path = AFHTTPRequestOperation.h; sourceTree = "<group>"; };
		78AB3D4E146D760E00670352 /* AFHTTPRequestOperation.m */ = {isa = PBXFileReference; fileEncoding = 4; lastKnownFileType = sourcecode.c.objc; path = AFHTTPRequestOperation.m; sourceTree = "<group>"; };
		78AB3D4F146D760E00670352 /* AFImageCache.h */ = {isa = PBXFileReference; fileEncoding = 4; lastKnownFileType = sourcecode.c.h; path = AFImageCache.h; sourceTree = "<group>"; };
		78AB3D50146D760E00670352 /* AFImageCache.m */ = {isa = PBXFileReference; fileEncoding = 4; lastKnownFileType = sourcecode.c.objc; path = AFImageCache.m; sourceTree = "<group>"; };
		78AB3D51146D760E00670352 /* AFImageRequestOperation.h */ = {isa = PBXFileReference; fileEncoding = 4; lastKnownFileType = sourcecode.c.h; path = AFImageRequestOperation.h; sourceTree = "<group>"; };
		78AB3D52146D760E00670352 /* AFImageRequestOperation.m */ = {isa = PBXFileReference; fileEncoding = 4; lastKnownFileType = sourcecode.c.objc; path = AFImageRequestOperation.m; sourceTree = "<group>"; };
		78AB3D53146D760E00670352 /* AFJSONRequestOperation.h */ = {isa = PBXFileReference; fileEncoding = 4; lastKnownFileType = sourcecode.c.h; path = AFJSONRequestOperation.h; sourceTree = "<group>"; };
		78AB3D54146D760E00670352 /* AFJSONRequestOperation.m */ = {isa = PBXFileReference; fileEncoding = 4; lastKnownFileType = sourcecode.c.objc; path = AFJSONRequestOperation.m; sourceTree = "<group>"; };
		78AB3D55146D760E00670352 /* AFNetworkActivityIndicatorManager.h */ = {isa = PBXFileReference; fileEncoding = 4; lastKnownFileType = sourcecode.c.h; path = AFNetworkActivityIndicatorManager.h; sourceTree = "<group>"; };
		78AB3D56146D760E00670352 /* AFNetworkActivityIndicatorManager.m */ = {isa = PBXFileReference; fileEncoding = 4; lastKnownFileType = sourcecode.c.objc; path = AFNetworkActivityIndicatorManager.m; sourceTree = "<group>"; };
		78AB3D57146D760E00670352 /* AFNetworking.h */ = {isa = PBXFileReference; fileEncoding = 4; lastKnownFileType = sourcecode.c.h; path = AFNetworking.h; sourceTree = "<group>"; };
		78AB3D58146D760E00670352 /* AFPropertyListRequestOperation.h */ = {isa = PBXFileReference; fileEncoding = 4; lastKnownFileType = sourcecode.c.h; path = AFPropertyListRequestOperation.h; sourceTree = "<group>"; };
		78AB3D59146D760E00670352 /* AFPropertyListRequestOperation.m */ = {isa = PBXFileReference; fileEncoding = 4; lastKnownFileType = sourcecode.c.objc; path = AFPropertyListRequestOperation.m; sourceTree = "<group>"; };
		78AB3D5A146D760E00670352 /* AFURLConnectionOperation.h */ = {isa = PBXFileReference; fileEncoding = 4; lastKnownFileType = sourcecode.c.h; path = AFURLConnectionOperation.h; sourceTree = "<group>"; };
		78AB3D5B146D760E00670352 /* AFURLConnectionOperation.m */ = {isa = PBXFileReference; fileEncoding = 4; lastKnownFileType = sourcecode.c.objc; path = AFURLConnectionOperation.m; sourceTree = "<group>"; };
		78AB3D5C146D760E00670352 /* AFXMLRequestOperation.h */ = {isa = PBXFileReference; fileEncoding = 4; lastKnownFileType = sourcecode.c.h; path = AFXMLRequestOperation.h; sourceTree = "<group>"; };
		78AB3D5D146D760E00670352 /* AFXMLRequestOperation.m */ = {isa = PBXFileReference; fileEncoding = 4; lastKnownFileType = sourcecode.c.objc; path = AFXMLRequestOperation.m; sourceTree = "<group>"; };
		78AB3D5E146D760E00670352 /* UIImageView+AFNetworking.h */ = {isa = PBXFileReference; fileEncoding = 4; lastKnownFileType = sourcecode.c.h; path = "UIImageView+AFNetworking.h"; sourceTree = "<group>"; };
		78AB3D5F146D760E00670352 /* UIImageView+AFNetworking.m */ = {isa = PBXFileReference; fileEncoding = 4; lastKnownFileType = sourcecode.c.objc; path = "UIImageView+AFNetworking.m"; sourceTree = "<group>"; };
		78AB3D77146D761600670352 /* JSONKit.h */ = {isa = PBXFileReference; fileEncoding = 4; lastKnownFileType = sourcecode.c.h; path = JSONKit.h; sourceTree = "<group>"; };
		78AB3D78146D761600670352 /* JSONKit.m */ = {isa = PBXFileReference; fileEncoding = 4; lastKnownFileType = sourcecode.c.objc; path = JSONKit.m; sourceTree = "<group>"; };
		78AB3D80146D761D00670352 /* SDURLCache.h */ = {isa = PBXFileReference; fileEncoding = 4; lastKnownFileType = sourcecode.c.h; path = SDURLCache.h; sourceTree = "<group>"; };
		78AB3D81146D761D00670352 /* SDURLCache.m */ = {isa = PBXFileReference; fileEncoding = 4; lastKnownFileType = sourcecode.c.objc; path = SDURLCache.m; sourceTree = "<group>"; };
		78AB3D97146D762500670352 /* ASIAuthenticationDialog.h */ = {isa = PBXFileReference; fileEncoding = 4; lastKnownFileType = sourcecode.c.h; path = ASIAuthenticationDialog.h; sourceTree = "<group>"; };
		78AB3D98146D762500670352 /* ASIAuthenticationDialog.m */ = {isa = PBXFileReference; fileEncoding = 4; lastKnownFileType = sourcecode.c.objc; path = ASIAuthenticationDialog.m; sourceTree = "<group>"; };
		78AB3D99146D762500670352 /* ASICacheDelegate.h */ = {isa = PBXFileReference; fileEncoding = 4; lastKnownFileType = sourcecode.c.h; path = ASICacheDelegate.h; sourceTree = "<group>"; };
		78AB3D9A146D762500670352 /* ASIDataCompressor.h */ = {isa = PBXFileReference; fileEncoding = 4; lastKnownFileType = sourcecode.c.h; path = ASIDataCompressor.h; sourceTree = "<group>"; };
		78AB3D9B146D762500670352 /* ASIDataCompressor.m */ = {isa = PBXFileReference; fileEncoding = 4; lastKnownFileType = sourcecode.c.objc; path = ASIDataCompressor.m; sourceTree = "<group>"; };
		78AB3D9C146D762500670352 /* ASIDataDecompressor.h */ = {isa = PBXFileReference; fileEncoding = 4; lastKnownFileType = sourcecode.c.h; path = ASIDataDecompressor.h; sourceTree = "<group>"; };
		78AB3D9D146D762500670352 /* ASIDataDecompressor.m */ = {isa = PBXFileReference; fileEncoding = 4; lastKnownFileType = sourcecode.c.objc; path = ASIDataDecompressor.m; sourceTree = "<group>"; };
		78AB3D9E146D762500670352 /* ASIHTTPRequest.h */ = {isa = PBXFileReference; fileEncoding = 4; lastKnownFileType = sourcecode.c.h; path = ASIHTTPRequest.h; sourceTree = "<group>"; };
		78AB3D9F146D762500670352 /* ASIHTTPRequest.m */ = {isa = PBXFileReference; fileEncoding = 4; lastKnownFileType = sourcecode.c.objc; path = ASIHTTPRequest.m; sourceTree = "<group>"; };
		78AB3DA0146D762500670352 /* ASIHTTPRequestConfig.h */ = {isa = PBXFileReference; fileEncoding = 4; lastKnownFileType = sourcecode.c.h; path = ASIHTTPRequestConfig.h; sourceTree = "<group>"; };
		78AB3DA1146D762500670352 /* ASIHTTPRequestDelegate.h */ = {isa = PBXFileReference; fileEncoding = 4; lastKnownFileType = sourcecode.c.h; path = ASIHTTPRequestDelegate.h; sourceTree = "<group>"; };
		78AB3DA2146D762500670352 /* ASIInputStream.h */ = {isa = PBXFileReference; fileEncoding = 4; lastKnownFileType = sourcecode.c.h; path = ASIInputStream.h; sourceTree = "<group>"; };
		78AB3DA3146D762500670352 /* ASIInputStream.m */ = {isa = PBXFileReference; fileEncoding = 4; lastKnownFileType = sourcecode.c.objc; path = ASIInputStream.m; sourceTree = "<group>"; };
		78AB3DA4146D762500670352 /* ASINetworkQueue.h */ = {isa = PBXFileReference; fileEncoding = 4; lastKnownFileType = sourcecode.c.h; path = ASINetworkQueue.h; sourceTree = "<group>"; };
		78AB3DA5146D762500670352 /* ASINetworkQueue.m */ = {isa = PBXFileReference; fileEncoding = 4; lastKnownFileType = sourcecode.c.objc; path = ASINetworkQueue.m; sourceTree = "<group>"; };
		78AB3DA6146D762500670352 /* ASIProgressDelegate.h */ = {isa = PBXFileReference; fileEncoding = 4; lastKnownFileType = sourcecode.c.h; path = ASIProgressDelegate.h; sourceTree = "<group>"; };
		78AB3DA7146D762500670352 /* Reachability.h */ = {isa = PBXFileReference; fileEncoding = 4; lastKnownFileType = sourcecode.c.h; path = Reachability.h; sourceTree = "<group>"; };
		78AB3DA8146D762500670352 /* Reachability.m */ = {isa = PBXFileReference; fileEncoding = 4; lastKnownFileType = sourcecode.c.objc; path = Reachability.m; sourceTree = "<group>"; };
		78AB3DBB146D763100670352 /* libz.dylib */ = {isa = PBXFileReference; lastKnownFileType = "compiled.mach-o.dylib"; name = libz.dylib; path = usr/lib/libz.dylib; sourceTree = SDKROOT; };
		78AB3DBC146D763100670352 /* SystemConfiguration.framework */ = {isa = PBXFileReference; lastKnownFileType = wrapper.framework; name = SystemConfiguration.framework; path = System/Library/Frameworks/SystemConfiguration.framework; sourceTree = SDKROOT; };
		78AB3DBD146D763100670352 /* MobileCoreServices.framework */ = {isa = PBXFileReference; lastKnownFileType = wrapper.framework; name = MobileCoreServices.framework; path = System/Library/Frameworks/MobileCoreServices.framework; sourceTree = SDKROOT; };
		78AB3DBE146D763100670352 /* CFNetwork.framework */ = {isa = PBXFileReference; lastKnownFileType = wrapper.framework; name = CFNetwork.framework; path = System/Library/Frameworks/CFNetwork.framework; sourceTree = SDKROOT; };
/* End PBXFileReference section */

/* Begin PBXFrameworksBuildPhase section */
		78AB3D31146D75D000670352 /* Frameworks */ = {
			isa = PBXFrameworksBuildPhase;
			buildActionMask = 2147483647;
			files = (
				78AB3D38146D75D000670352 /* Foundation.framework in Frameworks */,
				78AB3DBF146D763100670352 /* libz.dylib in Frameworks */,
				78AB3DC0146D763100670352 /* SystemConfiguration.framework in Frameworks */,
				78AB3DC1146D763100670352 /* MobileCoreServices.framework in Frameworks */,
				78AB3DC2146D763100670352 /* CFNetwork.framework in Frameworks */,
			);
			runOnlyForDeploymentPostprocessing = 0;
		};
/* End PBXFrameworksBuildPhase section */

/* Begin PBXGroup section */
		78AB3D29146D75D000670352 = {
			isa = PBXGroup;
			children = (
				78AB3D39146D75D000670352 /* vendor-http */,
				78AB3D36146D75D000670352 /* Frameworks */,
				78AB3DBB146D763100670352 /* libz.dylib */,
				78AB3DBC146D763100670352 /* SystemConfiguration.framework */,
				78AB3DBD146D763100670352 /* MobileCoreServices.framework */,
				78AB3DBE146D763100670352 /* CFNetwork.framework */,
				78AB3D35146D75D000670352 /* Products */,
			);
			sourceTree = "<group>";
		};
		78AB3D35146D75D000670352 /* Products */ = {
			isa = PBXGroup;
			children = (
				78AB3D34146D75D000670352 /* libvendor-http.a */,
			);
			name = Products;
			sourceTree = "<group>";
		};
		78AB3D36146D75D000670352 /* Frameworks */ = {
			isa = PBXGroup;
			children = (
				78AB3D96146D762500670352 /* asi-http-request */,
				78AB3D7C146D761D00670352 /* SDURLCache */,
				78AB3D75146D761600670352 /* JSONKit */,
				78AB3D4A146D760E00670352 /* AFNetworking */,
				78AB3D37146D75D000670352 /* Foundation.framework */,
			);
			name = Frameworks;
			sourceTree = "<group>";
		};
		78AB3D39146D75D000670352 /* vendor-http */ = {
			isa = PBXGroup;
			children = (
				78AB3D3A146D75D000670352 /* Supporting Files */,
			);
			path = "vendor-http";
			sourceTree = "<group>";
		};
		78AB3D3A146D75D000670352 /* Supporting Files */ = {
			isa = PBXGroup;
			children = (
				78AB3D3B146D75D000670352 /* vendor-http-Prefix.pch */,
			);
			name = "Supporting Files";
			sourceTree = "<group>";
		};
		78AB3D4A146D760E00670352 /* AFNetworking */ = {
			isa = PBXGroup;
			children = (
				78AB3D4B146D760E00670352 /* AFHTTPClient.h */,
				78AB3D4C146D760E00670352 /* AFHTTPClient.m */,
				78AB3D4D146D760E00670352 /* AFHTTPRequestOperation.h */,
				78AB3D4E146D760E00670352 /* AFHTTPRequestOperation.m */,
				78AB3D4F146D760E00670352 /* AFImageCache.h */,
				78AB3D50146D760E00670352 /* AFImageCache.m */,
				78AB3D51146D760E00670352 /* AFImageRequestOperation.h */,
				78AB3D52146D760E00670352 /* AFImageRequestOperation.m */,
				78AB3D53146D760E00670352 /* AFJSONRequestOperation.h */,
				78AB3D54146D760E00670352 /* AFJSONRequestOperation.m */,
				78AB3D55146D760E00670352 /* AFNetworkActivityIndicatorManager.h */,
				78AB3D56146D760E00670352 /* AFNetworkActivityIndicatorManager.m */,
				78AB3D57146D760E00670352 /* AFNetworking.h */,
				78AB3D58146D760E00670352 /* AFPropertyListRequestOperation.h */,
				78AB3D59146D760E00670352 /* AFPropertyListRequestOperation.m */,
				78AB3D5A146D760E00670352 /* AFURLConnectionOperation.h */,
				78AB3D5B146D760E00670352 /* AFURLConnectionOperation.m */,
				78AB3D5C146D760E00670352 /* AFXMLRequestOperation.h */,
				78AB3D5D146D760E00670352 /* AFXMLRequestOperation.m */,
				78AB3D5E146D760E00670352 /* UIImageView+AFNetworking.h */,
				78AB3D5F146D760E00670352 /* UIImageView+AFNetworking.m */,
			);
			name = AFNetworking;
			path = ../AFNetworking/AFNetworking;
			sourceTree = "<group>";
		};
		78AB3D75146D761600670352 /* JSONKit */ = {
			isa = PBXGroup;
			children = (
				78AB3D77146D761600670352 /* JSONKit.h */,
				78AB3D78146D761600670352 /* JSONKit.m */,
			);
			name = JSONKit;
			path = ../JSONKit;
			sourceTree = "<group>";
		};
		78AB3D7C146D761D00670352 /* SDURLCache */ = {
			isa = PBXGroup;
			children = (
				78AB3D80146D761D00670352 /* SDURLCache.h */,
				78AB3D81146D761D00670352 /* SDURLCache.m */,
			);
			name = SDURLCache;
			path = ../SDURLCache;
			sourceTree = "<group>";
		};
		78AB3D96146D762500670352 /* asi-http-request */ = {
			isa = PBXGroup;
			children = (
				78AB3D97146D762500670352 /* ASIAuthenticationDialog.h */,
				78AB3D98146D762500670352 /* ASIAuthenticationDialog.m */,
				78AB3D99146D762500670352 /* ASICacheDelegate.h */,
				78AB3D9A146D762500670352 /* ASIDataCompressor.h */,
				78AB3D9B146D762500670352 /* ASIDataCompressor.m */,
				78AB3D9C146D762500670352 /* ASIDataDecompressor.h */,
				78AB3D9D146D762500670352 /* ASIDataDecompressor.m */,
				78AB3D9E146D762500670352 /* ASIHTTPRequest.h */,
				78AB3D9F146D762500670352 /* ASIHTTPRequest.m */,
				78AB3DA0146D762500670352 /* ASIHTTPRequestConfig.h */,
				78AB3DA1146D762500670352 /* ASIHTTPRequestDelegate.h */,
				78AB3DA2146D762500670352 /* ASIInputStream.h */,
				78AB3DA3146D762500670352 /* ASIInputStream.m */,
				78AB3DA4146D762500670352 /* ASINetworkQueue.h */,
				78AB3DA5146D762500670352 /* ASINetworkQueue.m */,
				78AB3DA6146D762500670352 /* ASIProgressDelegate.h */,
				78AB3DA7146D762500670352 /* Reachability.h */,
				78AB3DA8146D762500670352 /* Reachability.m */,
			);
			name = "asi-http-request";
			path = "../asi-http-request";
			sourceTree = "<group>";
		};
/* End PBXGroup section */

/* Begin PBXHeadersBuildPhase section */
		78AB3D32146D75D000670352 /* Headers */ = {
			isa = PBXHeadersBuildPhase;
			buildActionMask = 2147483647;
			files = (
				78AB3D60146D760E00670352 /* AFHTTPClient.h in Headers */,
				78AB3D62146D760E00670352 /* AFHTTPRequestOperation.h in Headers */,
				78AB3D64146D760E00670352 /* AFImageCache.h in Headers */,
				78AB3D66146D760E00670352 /* AFImageRequestOperation.h in Headers */,
				78AB3D68146D760E00670352 /* AFJSONRequestOperation.h in Headers */,
				78AB3D6A146D760E00670352 /* AFNetworkActivityIndicatorManager.h in Headers */,
				78AB3D6C146D760E00670352 /* AFNetworking.h in Headers */,
				78AB3D6D146D760E00670352 /* AFPropertyListRequestOperation.h in Headers */,
				78AB3D6F146D760E00670352 /* AFURLConnectionOperation.h in Headers */,
				78AB3D71146D760E00670352 /* AFXMLRequestOperation.h in Headers */,
				78AB3D73146D760E00670352 /* UIImageView+AFNetworking.h in Headers */,
				78AB3D7A146D761600670352 /* JSONKit.h in Headers */,
				78AB3D8B146D761D00670352 /* SDURLCache.h in Headers */,
				78AB3DA9146D762500670352 /* ASIAuthenticationDialog.h in Headers */,
				78AB3DAB146D762500670352 /* ASICacheDelegate.h in Headers */,
				78AB3DAC146D762500670352 /* ASIDataCompressor.h in Headers */,
				78AB3DAE146D762500670352 /* ASIDataDecompressor.h in Headers */,
				78AB3DB0146D762500670352 /* ASIHTTPRequest.h in Headers */,
				78AB3DB2146D762500670352 /* ASIHTTPRequestConfig.h in Headers */,
				78AB3DB3146D762500670352 /* ASIHTTPRequestDelegate.h in Headers */,
				78AB3DB4146D762500670352 /* ASIInputStream.h in Headers */,
				78AB3DB6146D762500670352 /* ASINetworkQueue.h in Headers */,
				78AB3DB8146D762500670352 /* ASIProgressDelegate.h in Headers */,
				78AB3DB9146D762500670352 /* Reachability.h in Headers */,
			);
			runOnlyForDeploymentPostprocessing = 0;
		};
/* End PBXHeadersBuildPhase section */

/* Begin PBXNativeTarget section */
		78AB3D33146D75D000670352 /* vendor-http */ = {
			isa = PBXNativeTarget;
			buildConfigurationList = 78AB3D41146D75D000670352 /* Build configuration list for PBXNativeTarget "vendor-http" */;
			buildPhases = (
				78AB3D30146D75D000670352 /* Sources */,
				78AB3D31146D75D000670352 /* Frameworks */,
				78AB3D32146D75D000670352 /* Headers */,
			);
			buildRules = (
			);
			dependencies = (
			);
			name = "vendor-http";
			productName = "vendor-http";
			productReference = 78AB3D34146D75D000670352 /* libvendor-http.a */;
			productType = "com.apple.product-type.library.static";
		};
/* End PBXNativeTarget section */

/* Begin PBXProject section */
		78AB3D2B146D75D000670352 /* Project object */ = {
			isa = PBXProject;
			attributes = {
				LastUpgradeCheck = 0420;
			};
			buildConfigurationList = 78AB3D2E146D75D000670352 /* Build configuration list for PBXProject "vendor-http" */;
			compatibilityVersion = "Xcode 3.2";
			developmentRegion = English;
			hasScannedForEncodings = 0;
			knownRegions = (
				en,
			);
			mainGroup = 78AB3D29146D75D000670352;
			productRefGroup = 78AB3D35146D75D000670352 /* Products */;
			projectDirPath = "";
			projectRoot = "";
			targets = (
				78AB3D33146D75D000670352 /* vendor-http */,
			);
		};
/* End PBXProject section */

/* Begin PBXSourcesBuildPhase section */
		78AB3D30146D75D000670352 /* Sources */ = {
			isa = PBXSourcesBuildPhase;
			buildActionMask = 2147483647;
			files = (
				78AB3D61146D760E00670352 /* AFHTTPClient.m in Sources */,
				78AB3D63146D760E00670352 /* AFHTTPRequestOperation.m in Sources */,
				78AB3D65146D760E00670352 /* AFImageCache.m in Sources */,
				78AB3D67146D760E00670352 /* AFImageRequestOperation.m in Sources */,
				78AB3D69146D760E00670352 /* AFJSONRequestOperation.m in Sources */,
				78AB3D6B146D760E00670352 /* AFNetworkActivityIndicatorManager.m in Sources */,
				78AB3D6E146D760E00670352 /* AFPropertyListRequestOperation.m in Sources */,
				78AB3D70146D760E00670352 /* AFURLConnectionOperation.m in Sources */,
				78AB3D72146D760E00670352 /* AFXMLRequestOperation.m in Sources */,
				78AB3D74146D760E00670352 /* UIImageView+AFNetworking.m in Sources */,
				78AB3D7B146D761600670352 /* JSONKit.m in Sources */,
				78AB3D8C146D761D00670352 /* SDURLCache.m in Sources */,
				78AB3DAA146D762500670352 /* ASIAuthenticationDialog.m in Sources */,
				78AB3DAD146D762500670352 /* ASIDataCompressor.m in Sources */,
				78AB3DAF146D762500670352 /* ASIDataDecompressor.m in Sources */,
				78AB3DB1146D762500670352 /* ASIHTTPRequest.m in Sources */,
				78AB3DB5146D762500670352 /* ASIInputStream.m in Sources */,
				78AB3DB7146D762500670352 /* ASINetworkQueue.m in Sources */,
				78AB3DBA146D762500670352 /* Reachability.m in Sources */,
			);
			runOnlyForDeploymentPostprocessing = 0;
		};
/* End PBXSourcesBuildPhase section */

/* Begin XCBuildConfiguration section */
		78AB3D3F146D75D000670352 /* Debug */ = {
			isa = XCBuildConfiguration;
			buildSettings = {
				ALWAYS_SEARCH_USER_PATHS = NO;
				ARCHS = (
					i386,
					armv7,
					armv6,
				);
				COPY_PHASE_STRIP = NO;
				GCC_C_LANGUAGE_STANDARD = gnu99;
				GCC_DYNAMIC_NO_PIC = NO;
				GCC_OPTIMIZATION_LEVEL = 0;
				GCC_PREPROCESSOR_DEFINITIONS = (
					"DEBUG=1",
					"$(inherited)",
				);
				GCC_SYMBOLS_PRIVATE_EXTERN = NO;
				GCC_VERSION = com.apple.compilers.llvm.clang.1_0;
				GCC_WARN_ABOUT_MISSING_PROTOTYPES = YES;
				GCC_WARN_ABOUT_RETURN_TYPE = YES;
				GCC_WARN_UNUSED_VARIABLE = YES;
				IPHONEOS_DEPLOYMENT_TARGET = 4.0;
				SDKROOT = iphoneos;
			};
			name = Debug;
		};
		78AB3D40146D75D000670352 /* Release */ = {
			isa = XCBuildConfiguration;
			buildSettings = {
				ALWAYS_SEARCH_USER_PATHS = NO;
				ARCHS = (
					i386,
					armv7,
					armv6,
				);
				COPY_PHASE_STRIP = YES;
				GCC_C_LANGUAGE_STANDARD = gnu99;
				GCC_VERSION = com.apple.compilers.llvm.clang.1_0;
				GCC_WARN_ABOUT_MISSING_PROTOTYPES = YES;
				GCC_WARN_ABOUT_RETURN_TYPE = YES;
				GCC_WARN_UNUSED_VARIABLE = YES;
				IPHONEOS_DEPLOYMENT_TARGET = 4.0;
				SDKROOT = iphoneos;
				VALIDATE_PRODUCT = YES;
			};
			name = Release;
		};
		78AB3D42146D75D000670352 /* Debug */ = {
			isa = XCBuildConfiguration;
			buildSettings = {
				DSTROOT = /tmp/vendor_http.dst;
				GCC_PRECOMPILE_PREFIX_HEADER = YES;
				GCC_PREFIX_HEADER = "vendor-http/vendor-http-Prefix.pch";
				OTHER_LDFLAGS = "-ObjC";
				PRODUCT_NAME = "$(TARGET_NAME)";
				SKIP_INSTALL = YES;
			};
			name = Debug;
		};
		78AB3D43146D75D000670352 /* Release */ = {
			isa = XCBuildConfiguration;
			buildSettings = {
				DSTROOT = /tmp/vendor_http.dst;
				GCC_PRECOMPILE_PREFIX_HEADER = YES;
				GCC_PREFIX_HEADER = "vendor-http/vendor-http-Prefix.pch";
				OTHER_LDFLAGS = "-ObjC";
				PRODUCT_NAME = "$(TARGET_NAME)";
				SKIP_INSTALL = YES;
			};
			name = Release;
		};
/* End XCBuildConfiguration section */

/* Begin XCConfigurationList section */
		78AB3D2E146D75D000670352 /* Build configuration list for PBXProject "vendor-http" */ = {
			isa = XCConfigurationList;
			buildConfigurations = (
				78AB3D3F146D75D000670352 /* Debug */,
				78AB3D40146D75D000670352 /* Release */,
			);
			defaultConfigurationIsVisible = 0;
			defaultConfigurationName = Release;
		};
		78AB3D41146D75D000670352 /* Build configuration list for PBXNativeTarget "vendor-http" */ = {
			isa = XCConfigurationList;
			buildConfigurations = (
				78AB3D42146D75D000670352 /* Debug */,
				78AB3D43146D75D000670352 /* Release */,
			);
			defaultConfigurationIsVisible = 0;
			defaultConfigurationName = Release;
		};
/* End XCConfigurationList section */
	};
	rootObject = 78AB3D2B146D75D000670352 /* Project object */;
}
