// !$*UTF8*$!
{
	archiveVersion = 1;
	classes = {
	};
	objectVersion = 46;
	objects = {

/* Begin PBXBuildFile section */
		7844642C1956846C00BE4011 /* Samples in Resources */ = {isa = PBXBuildFile; fileRef = 7844642B1956846C00BE4011 /* Samples */; };
		788E9F6819D6BA1C009FC36F /* Media.xcassets in Resources */ = {isa = PBXBuildFile; fileRef = 788E9F6719D6BA1C009FC36F /* Media.xcassets */; };
		7892571819CF7AC7002D7FAD /* PSPDFKit.framework in Frameworks */ = {isa = PBXBuildFile; fileRef = 7892570F19CF7AC7002D7FAD /* PSPDFKit.framework */; };
		7892571919CF7AC7002D7FAD /* PSPDFKit-Acknowledgements in Resources */ = {isa = PBXBuildFile; fileRef = 7892571119CF7AC7002D7FAD /* PSPDFKit-Acknowledgements */; };
		7892571A19CF7AC7002D7FAD /* PSPDFKit-License in Resources */ = {isa = PBXBuildFile; fileRef = 7892571219CF7AC7002D7FAD /* PSPDFKit-License */; };
		7892571B19CF7AC7002D7FAD /* PSPDFKit-License.pdf in Resources */ = {isa = PBXBuildFile; fileRef = 7892571319CF7AC7002D7FAD /* PSPDFKit-License.pdf */; };
		7892571C19CF7AC7002D7FAD /* PSPDFKit-nosqlite.xcconfig in Resources */ = {isa = PBXBuildFile; fileRef = 7892571419CF7AC7002D7FAD /* PSPDFKit-nosqlite.xcconfig */; };
		7892571D19CF7AC7002D7FAD /* PSPDFKit-Version in Resources */ = {isa = PBXBuildFile; fileRef = 7892571519CF7AC7002D7FAD /* PSPDFKit-Version */; };
		7892571E19CF7AC7002D7FAD /* PSPDFKit.bundle in Resources */ = {isa = PBXBuildFile; fileRef = 7892571619CF7AC7002D7FAD /* PSPDFKit.bundle */; };
		7892571F19CF7AC7002D7FAD /* PSPDFKit.xcconfig in Resources */ = {isa = PBXBuildFile; fileRef = 7892571719CF7AC7002D7FAD /* PSPDFKit.xcconfig */; };
		78DE043C19563B73006CB968 /* AppDelegate.swift in Sources */ = {isa = PBXBuildFile; fileRef = 78DE043B19563B73006CB968 /* AppDelegate.swift */; };
		78DE04F319567F64006CB968 /* PDFViewController.swift in Sources */ = {isa = PBXBuildFile; fileRef = 78DE04F219567F64006CB968 /* PDFViewController.swift */; };
/* End PBXBuildFile section */

/* Begin PBXFileReference section */
		7844642B1956846C00BE4011 /* Samples */ = {isa = PBXFileReference; lastKnownFileType = folder; path = Samples; sourceTree = SOURCE_ROOT; };
		788E9F6719D6BA1C009FC36F /* Media.xcassets */ = {isa = PBXFileReference; lastKnownFileType = folder.assetcatalog; name = Media.xcassets; path = PSPDFCatalog/Resources/Media.xcassets; sourceTree = SOURCE_ROOT; };
		7892570F19CF7AC7002D7FAD /* PSPDFKit.framework */ = {isa = PBXFileReference; lastKnownFileType = wrapper.framework; path = PSPDFKit.framework; sourceTree = "<group>"; };
		7892571119CF7AC7002D7FAD /* PSPDFKit-Acknowledgements */ = {isa = PBXFileReference; fileEncoding = 4; lastKnownFileType = text; path = "PSPDFKit-Acknowledgements"; sourceTree = "<group>"; };
		7892571219CF7AC7002D7FAD /* PSPDFKit-License */ = {isa = PBXFileReference; fileEncoding = 4; lastKnownFileType = text; path = "PSPDFKit-License"; sourceTree = "<group>"; };
		7892571319CF7AC7002D7FAD /* PSPDFKit-License.pdf */ = {isa = PBXFileReference; lastKnownFileType = image.pdf; path = "PSPDFKit-License.pdf"; sourceTree = "<group>"; };
		7892571419CF7AC7002D7FAD /* PSPDFKit-nosqlite.xcconfig */ = {isa = PBXFileReference; fileEncoding = 4; lastKnownFileType = text.xcconfig; path = "PSPDFKit-nosqlite.xcconfig"; sourceTree = "<group>"; };
		7892571519CF7AC7002D7FAD /* PSPDFKit-Version */ = {isa = PBXFileReference; fileEncoding = 4; lastKnownFileType = text; path = "PSPDFKit-Version"; sourceTree = "<group>"; };
		7892571619CF7AC7002D7FAD /* PSPDFKit.bundle */ = {isa = PBXFileReference; lastKnownFileType = "wrapper.plug-in"; path = PSPDFKit.bundle; sourceTree = "<group>"; };
		7892571719CF7AC7002D7FAD /* PSPDFKit.xcconfig */ = {isa = PBXFileReference; fileEncoding = 4; lastKnownFileType = text.xcconfig; path = PSPDFKit.xcconfig; sourceTree = "<group>"; };
		78DE043619563B73006CB968 /* SwiftExample.app */ = {isa = PBXFileReference; explicitFileType = wrapper.application; includeInIndex = 0; path = SwiftExample.app; sourceTree = BUILT_PRODUCTS_DIR; };
		78DE043A19563B73006CB968 /* Info.plist */ = {isa = PBXFileReference; lastKnownFileType = text.plist.xml; path = Info.plist; sourceTree = "<group>"; };
		78DE043B19563B73006CB968 /* AppDelegate.swift */ = {isa = PBXFileReference; lastKnownFileType = sourcecode.swift; path = AppDelegate.swift; sourceTree = "<group>"; };
		78DE04F219567F64006CB968 /* PDFViewController.swift */ = {isa = PBXFileReference; fileEncoding = 4; lastKnownFileType = sourcecode.swift; path = PDFViewController.swift; sourceTree = "<group>"; };
/* End PBXFileReference section */

/* Begin PBXFrameworksBuildPhase section */
		78DE043319563B73006CB968 /* Frameworks */ = {
			isa = PBXFrameworksBuildPhase;
			buildActionMask = 2147483647;
			files = (
				7892571819CF7AC7002D7FAD /* PSPDFKit.framework in Frameworks */,
			);
			runOnlyForDeploymentPostprocessing = 0;
		};
/* End PBXFrameworksBuildPhase section */

/* Begin PBXGroup section */
		7892570E19CF7AC7002D7FAD /* PSPDFKit.embeddedframework */ = {
			isa = PBXGroup;
			children = (
				7892570F19CF7AC7002D7FAD /* PSPDFKit.framework */,
				7892571019CF7AC7002D7FAD /* Resources */,
			);
			name = PSPDFKit.embeddedframework;
			path = ../../PSPDFKit.embeddedframework;
			sourceTree = "<group>";
		};
		7892571019CF7AC7002D7FAD /* Resources */ = {
			isa = PBXGroup;
			children = (
				7892571119CF7AC7002D7FAD /* PSPDFKit-Acknowledgements */,
				7892571219CF7AC7002D7FAD /* PSPDFKit-License */,
				7892571319CF7AC7002D7FAD /* PSPDFKit-License.pdf */,
				7892571419CF7AC7002D7FAD /* PSPDFKit-nosqlite.xcconfig */,
				7892571519CF7AC7002D7FAD /* PSPDFKit-Version */,
				7892571619CF7AC7002D7FAD /* PSPDFKit.bundle */,
				7892571719CF7AC7002D7FAD /* PSPDFKit.xcconfig */,
			);
			path = Resources;
			sourceTree = "<group>";
		};
		78DE042D19563B73006CB968 = {
			isa = PBXGroup;
			children = (
				78DE043819563B73006CB968 /* SwiftExample */,
				78DE043719563B73006CB968 /* Products */,
			);
			sourceTree = "<group>";
		};
		78DE043719563B73006CB968 /* Products */ = {
			isa = PBXGroup;
			children = (
				78DE043619563B73006CB968 /* SwiftExample.app */,
			);
			name = Products;
			sourceTree = "<group>";
		};
		78DE043819563B73006CB968 /* SwiftExample */ = {
			isa = PBXGroup;
			children = (
				78DE043B19563B73006CB968 /* AppDelegate.swift */,
				78DE04F219567F64006CB968 /* PDFViewController.swift */,
				788E9F6719D6BA1C009FC36F /* Media.xcassets */,
				7844642B1956846C00BE4011 /* Samples */,
				78DE043919563B73006CB968 /* Supporting Files */,
				7892570E19CF7AC7002D7FAD /* PSPDFKit.embeddedframework */,
			);
			path = SwiftExample;
			sourceTree = "<group>";
		};
		78DE043919563B73006CB968 /* Supporting Files */ = {
			isa = PBXGroup;
			children = (
				78DE043A19563B73006CB968 /* Info.plist */,
			);
			name = "Supporting Files";
			sourceTree = "<group>";
		};
/* End PBXGroup section */

/* Begin PBXNativeTarget section */
		78DE043519563B73006CB968 /* SwiftExample */ = {
			isa = PBXNativeTarget;
			buildConfigurationList = 78DE044D19563B73006CB968 /* Build configuration list for PBXNativeTarget "SwiftExample" */;
			buildPhases = (
				78DE043219563B73006CB968 /* Sources */,
				78DE043319563B73006CB968 /* Frameworks */,
				78DE043419563B73006CB968 /* Resources */,
			);
			buildRules = (
			);
			dependencies = (
			);
			name = SwiftExample;
			productName = SwiftExample;
			productReference = 78DE043619563B73006CB968 /* SwiftExample.app */;
			productType = "com.apple.product-type.application";
		};
/* End PBXNativeTarget section */

/* Begin PBXProject section */
		78DE042E19563B73006CB968 /* Project object */ = {
			isa = PBXProject;
			attributes = {
				LastUpgradeCheck = 0610;
				ORGANIZATIONNAME = "PSPDFKit GmbH";
				TargetAttributes = {
					78DE043519563B73006CB968 = {
						CreatedOnToolsVersion = 6.0;
					};
				};
			};
			buildConfigurationList = 78DE043119563B73006CB968 /* Build configuration list for PBXProject "SwiftExample" */;
			compatibilityVersion = "Xcode 3.2";
			developmentRegion = English;
			hasScannedForEncodings = 0;
			knownRegions = (
				en,
			);
			mainGroup = 78DE042D19563B73006CB968;
			productRefGroup = 78DE043719563B73006CB968 /* Products */;
			projectDirPath = "";
			projectRoot = "";
			targets = (
				78DE043519563B73006CB968 /* SwiftExample */,
			);
		};
/* End PBXProject section */

/* Begin PBXResourcesBuildPhase section */
		78DE043419563B73006CB968 /* Resources */ = {
			isa = PBXResourcesBuildPhase;
			buildActionMask = 2147483647;
			files = (
				788E9F6819D6BA1C009FC36F /* Media.xcassets in Resources */,
				7892571D19CF7AC7002D7FAD /* PSPDFKit-Version in Resources */,
				7892571C19CF7AC7002D7FAD /* PSPDFKit-nosqlite.xcconfig in Resources */,
				7844642C1956846C00BE4011 /* Samples in Resources */,
				7892571B19CF7AC7002D7FAD /* PSPDFKit-License.pdf in Resources */,
				7892571F19CF7AC7002D7FAD /* PSPDFKit.xcconfig in Resources */,
				7892571E19CF7AC7002D7FAD /* PSPDFKit.bundle in Resources */,
				7892571A19CF7AC7002D7FAD /* PSPDFKit-License in Resources */,
				7892571919CF7AC7002D7FAD /* PSPDFKit-Acknowledgements in Resources */,
			);
			runOnlyForDeploymentPostprocessing = 0;
		};
/* End PBXResourcesBuildPhase section */

/* Begin PBXSourcesBuildPhase section */
		78DE043219563B73006CB968 /* Sources */ = {
			isa = PBXSourcesBuildPhase;
			buildActionMask = 2147483647;
			files = (
				78DE043C19563B73006CB968 /* AppDelegate.swift in Sources */,
				78DE04F319567F64006CB968 /* PDFViewController.swift in Sources */,
			);
			runOnlyForDeploymentPostprocessing = 0;
		};
/* End PBXSourcesBuildPhase section */

/* Begin XCBuildConfiguration section */
		78DE044B19563B73006CB968 /* Debug */ = {
			isa = XCBuildConfiguration;
			baseConfigurationReference = 7892571719CF7AC7002D7FAD /* PSPDFKit.xcconfig */;
			buildSettings = {
				ALWAYS_SEARCH_USER_PATHS = NO;
				CLANG_CXX_LANGUAGE_STANDARD = "gnu++0x";
				CLANG_CXX_LIBRARY = "libc++";
				CLANG_ENABLE_MODULES = YES;
				CLANG_ENABLE_OBJC_ARC = YES;
				CLANG_WARN_BOOL_CONVERSION = YES;
				CLANG_WARN_CONSTANT_CONVERSION = YES;
				CLANG_WARN_DIRECT_OBJC_ISA_USAGE = YES_ERROR;
				CLANG_WARN_EMPTY_BODY = YES;
				CLANG_WARN_ENUM_CONVERSION = YES;
				CLANG_WARN_INT_CONVERSION = YES;
				CLANG_WARN_OBJC_ROOT_CLASS = YES_ERROR;
				CLANG_WARN_UNREACHABLE_CODE = YES;
				CLANG_WARN__DUPLICATE_METHOD_MATCH = YES;
				"CODE_SIGN_IDENTITY[sdk=iphoneos*]" = "iPhone Developer";
				COPY_PHASE_STRIP = NO;
				ENABLE_STRICT_OBJC_MSGSEND = YES;
				GCC_C_LANGUAGE_STANDARD = gnu99;
				GCC_DYNAMIC_NO_PIC = NO;
				GCC_OPTIMIZATION_LEVEL = 0;
				GCC_PREPROCESSOR_DEFINITIONS = (
					"DEBUG=1",
					"$(inherited)",
				);
				GCC_SYMBOLS_PRIVATE_EXTERN = NO;
				GCC_WARN_64_TO_32_BIT_CONVERSION = YES;
				GCC_WARN_ABOUT_RETURN_TYPE = YES_ERROR;
				GCC_WARN_UNDECLARED_SELECTOR = YES;
				GCC_WARN_UNINITIALIZED_AUTOS = YES_AGGRESSIVE;
				GCC_WARN_UNUSED_FUNCTION = YES;
				GCC_WARN_UNUSED_VARIABLE = YES;
				IPHONEOS_DEPLOYMENT_TARGET = 7.0;
				METAL_ENABLE_DEBUG_INFO = YES;
				ONLY_ACTIVE_ARCH = YES;
				SDKROOT = iphoneos;
				SWIFT_OPTIMIZATION_LEVEL = "-Onone";
				TARGETED_DEVICE_FAMILY = "1,2";
			};
			name = Debug;
		};
		78DE044C19563B73006CB968 /* Release */ = {
			isa = XCBuildConfiguration;
			buildSettings = {
				ALWAYS_SEARCH_USER_PATHS = NO;
				CLANG_CXX_LANGUAGE_STANDARD = "gnu++0x";
				CLANG_CXX_LIBRARY = "libc++";
				CLANG_ENABLE_MODULES = YES;
				CLANG_ENABLE_OBJC_ARC = YES;
				CLANG_WARN_BOOL_CONVERSION = YES;
				CLANG_WARN_CONSTANT_CONVERSION = YES;
				CLANG_WARN_DIRECT_OBJC_ISA_USAGE = YES_ERROR;
				CLANG_WARN_EMPTY_BODY = YES;
				CLANG_WARN_ENUM_CONVERSION = YES;
				CLANG_WARN_INT_CONVERSION = YES;
				CLANG_WARN_OBJC_ROOT_CLASS = YES_ERROR;
				CLANG_WARN_UNREACHABLE_CODE = YES;
				CLANG_WARN__DUPLICATE_METHOD_MATCH = YES;
				"CODE_SIGN_IDENTITY[sdk=iphoneos*]" = "iPhone Developer";
				COPY_PHASE_STRIP = YES;
				ENABLE_NS_ASSERTIONS = NO;
				ENABLE_STRICT_OBJC_MSGSEND = YES;
				GCC_C_LANGUAGE_STANDARD = gnu99;
				GCC_WARN_64_TO_32_BIT_CONVERSION = YES;
				GCC_WARN_ABOUT_RETURN_TYPE = YES_ERROR;
				GCC_WARN_UNDECLARED_SELECTOR = YES;
				GCC_WARN_UNINITIALIZED_AUTOS = YES_AGGRESSIVE;
				GCC_WARN_UNUSED_FUNCTION = YES;
				GCC_WARN_UNUSED_VARIABLE = YES;
				IPHONEOS_DEPLOYMENT_TARGET = 7.0;
				METAL_ENABLE_DEBUG_INFO = NO;
				SDKROOT = iphoneos;
				TARGETED_DEVICE_FAMILY = "1,2";
				VALIDATE_PRODUCT = YES;
			};
			name = Release;
		};
		78DE044E19563B73006CB968 /* Debug */ = {
			isa = XCBuildConfiguration;
			buildSettings = {
				ASSETCATALOG_COMPILER_APPICON_NAME = AppIcon;
				ASSETCATALOG_COMPILER_LAUNCHIMAGE_NAME = LaunchImage;
				FRAMEWORK_SEARCH_PATHS = (
					"$(inherited)",
					../PSPDFKit.embeddedframework,
					"/Users/steipete/Documents/Projects/PSPDFKit/PSPDFKit-Demo/PSPDFKit.embeddedframework",
				);
				INFOPLIST_FILE = SwiftExample/Info.plist;
				LD_RUNPATH_SEARCH_PATHS = "$(inherited) @executable_path/Frameworks";
				PRODUCT_NAME = "$(TARGET_NAME)";
			};
			name = Debug;
		};
		78DE044F19563B73006CB968 /* Release */ = {
			isa = XCBuildConfiguration;
			baseConfigurationReference = 7892571719CF7AC7002D7FAD /* PSPDFKit.xcconfig */;
			buildSettings = {
				ASSETCATALOG_COMPILER_APPICON_NAME = AppIcon;
				ASSETCATALOG_COMPILER_LAUNCHIMAGE_NAME = LaunchImage;
				FRAMEWORK_SEARCH_PATHS = (
					"$(inherited)",
					../PSPDFKit.embeddedframework,
					"/Users/steipete/Documents/Projects/PSPDFKit/PSPDFKit-Demo/PSPDFKit.embeddedframework",
				);
				INFOPLIST_FILE = SwiftExample/Info.plist;
				LD_RUNPATH_SEARCH_PATHS = "$(inherited) @executable_path/Frameworks";
				PRODUCT_NAME = "$(TARGET_NAME)";
			};
			name = Release;
		};
/* End XCBuildConfiguration section */

/* Begin XCConfigurationList section */
		78DE043119563B73006CB968 /* Build configuration list for PBXProject "SwiftExample" */ = {
			isa = XCConfigurationList;
			buildConfigurations = (
				78DE044B19563B73006CB968 /* Debug */,
				78DE044C19563B73006CB968 /* Release */,
			);
			defaultConfigurationIsVisible = 0;
			defaultConfigurationName = Release;
		};
		78DE044D19563B73006CB968 /* Build configuration list for PBXNativeTarget "SwiftExample" */ = {
			isa = XCConfigurationList;
			buildConfigurations = (
				78DE044E19563B73006CB968 /* Debug */,
				78DE044F19563B73006CB968 /* Release */,
			);
			defaultConfigurationIsVisible = 0;
			defaultConfigurationName = Release;
		};
/* End XCConfigurationList section */
	};
	rootObject = 78DE042E19563B73006CB968 /* Project object */;
}
