// !$*UTF8*$!
{
	archiveVersion = 1;
	classes = {
	};
	objectVersion = 46;
	objects = {

/* Begin PBXBuildFile section */
		78881B1D141EC35C00CB0739 /* Icon.png in Resources */ = {isa = PBXBuildFile; fileRef = 78881B1C141EC35C00CB0739 /* Icon.png */; };
		78881B20141EC36700CB0739 /* MessageUI.framework in Frameworks */ = {isa = PBXBuildFile; fileRef = 78881B1F141EC36700CB0739 /* MessageUI.framework */; };
		78BF20D1148EDC0600D404AC /* PSPDFKit-ARC.framework in Frameworks */ = {isa = PBXBuildFile; fileRef = 78BF20D0148EDC0600D404AC /* PSPDFKit-ARC.framework */; };
		78BF20D3148EDC1500D404AC /* PSPDFKit.bundle in Resources */ = {isa = PBXBuildFile; fileRef = 78BF20D2148EDC1500D404AC /* PSPDFKit.bundle */; };
		78C22B14148037750092B889 /* ImageIO.framework in Frameworks */ = {isa = PBXBuildFile; fileRef = 78C22B13148037750092B889 /* ImageIO.framework */; };
		78C22B17148037790092B889 /* libz.dylib in Frameworks */ = {isa = PBXBuildFile; fileRef = 78C22B16148037790092B889 /* libz.dylib */; };
		78C22B19148037870092B889 /* MediaPlayer.framework in Frameworks */ = {isa = PBXBuildFile; fileRef = 78C22B18148037870092B889 /* MediaPlayer.framework */; };
		78E6326613DECAF600F3392F /* UIKit.framework in Frameworks */ = {isa = PBXBuildFile; fileRef = 78E6326513DECAF600F3392F /* UIKit.framework */; };
		78E6326813DECAF600F3392F /* Foundation.framework in Frameworks */ = {isa = PBXBuildFile; fileRef = 78E6326713DECAF600F3392F /* Foundation.framework */; };
		78E6326A13DECAF600F3392F /* CoreGraphics.framework in Frameworks */ = {isa = PBXBuildFile; fileRef = 78E6326913DECAF600F3392F /* CoreGraphics.framework */; };
		78E6328113DECC4000F3392F /* CoreText.framework in Frameworks */ = {isa = PBXBuildFile; fileRef = 78E6328013DECC4000F3392F /* CoreText.framework */; };
		78E6328313DECC4600F3392F /* QuartzCore.framework in Frameworks */ = {isa = PBXBuildFile; fileRef = 78E6328213DECC4600F3392F /* QuartzCore.framework */; };
		78E6328F13DECD7300F3392F /* MinimalExampleAppDelegate.m in Sources */ = {isa = PBXBuildFile; fileRef = 78E6328E13DECD7300F3392F /* MinimalExampleAppDelegate.m */; };
		78E6329613DECD7C00F3392F /* InfoPlist.strings in Resources */ = {isa = PBXBuildFile; fileRef = 78E6329113DECD7C00F3392F /* InfoPlist.strings */; };
		78E6329713DECD7C00F3392F /* main.m in Sources */ = {isa = PBXBuildFile; fileRef = 78E6329313DECD7C00F3392F /* main.m */; };
		78E6329C13DECD8B00F3392F /* Samples in Resources */ = {isa = PBXBuildFile; fileRef = 78E6329B13DECD8B00F3392F /* Samples */; };
/* End PBXBuildFile section */

/* Begin PBXFileReference section */
		78881B1C141EC35C00CB0739 /* Icon.png */ = {isa = PBXFileReference; lastKnownFileType = image.png; name = Icon.png; path = PSPDFKitExample/Resources/Icon.png; sourceTree = SOURCE_ROOT; };
		78881B1F141EC36700CB0739 /* MessageUI.framework */ = {isa = PBXFileReference; lastKnownFileType = wrapper.framework; name = MessageUI.framework; path = System/Library/Frameworks/MessageUI.framework; sourceTree = SDKROOT; };
		78BF20D0148EDC0600D404AC /* PSPDFKit-ARC.framework */ = {isa = PBXFileReference; lastKnownFileType = wrapper.framework; name = "PSPDFKit-ARC.framework"; path = "../PSPDFKit-ARC.framework"; sourceTree = "<group>"; };
		78BF20D2148EDC1500D404AC /* PSPDFKit.bundle */ = {isa = PBXFileReference; lastKnownFileType = "wrapper.plug-in"; name = PSPDFKit.bundle; path = "../PSPDFKit-ARC.framework/Versions/A/Resources/PSPDFKit.bundle"; sourceTree = "<group>"; };
		78C22B13148037750092B889 /* ImageIO.framework */ = {isa = PBXFileReference; lastKnownFileType = wrapper.framework; name = ImageIO.framework; path = System/Library/Frameworks/ImageIO.framework; sourceTree = SDKROOT; };
		78C22B16148037790092B889 /* libz.dylib */ = {isa = PBXFileReference; lastKnownFileType = "compiled.mach-o.dylib"; name = libz.dylib; path = usr/lib/libz.dylib; sourceTree = SDKROOT; };
		78C22B18148037870092B889 /* MediaPlayer.framework */ = {isa = PBXFileReference; lastKnownFileType = wrapper.framework; name = MediaPlayer.framework; path = System/Library/Frameworks/MediaPlayer.framework; sourceTree = SDKROOT; };
		78E6326113DECAF600F3392F /* MinimalARC.app */ = {isa = PBXFileReference; explicitFileType = wrapper.application; includeInIndex = 0; path = MinimalARC.app; sourceTree = BUILT_PRODUCTS_DIR; };
		78E6326513DECAF600F3392F /* UIKit.framework */ = {isa = PBXFileReference; lastKnownFileType = wrapper.framework; name = UIKit.framework; path = System/Library/Frameworks/UIKit.framework; sourceTree = SDKROOT; };
		78E6326713DECAF600F3392F /* Foundation.framework */ = {isa = PBXFileReference; lastKnownFileType = wrapper.framework; name = Foundation.framework; path = System/Library/Frameworks/Foundation.framework; sourceTree = SDKROOT; };
		78E6326913DECAF600F3392F /* CoreGraphics.framework */ = {isa = PBXFileReference; lastKnownFileType = wrapper.framework; name = CoreGraphics.framework; path = System/Library/Frameworks/CoreGraphics.framework; sourceTree = SDKROOT; };
		78E6328013DECC4000F3392F /* CoreText.framework */ = {isa = PBXFileReference; lastKnownFileType = wrapper.framework; name = CoreText.framework; path = System/Library/Frameworks/CoreText.framework; sourceTree = SDKROOT; };
		78E6328213DECC4600F3392F /* QuartzCore.framework */ = {isa = PBXFileReference; lastKnownFileType = wrapper.framework; name = QuartzCore.framework; path = System/Library/Frameworks/QuartzCore.framework; sourceTree = SDKROOT; };
		78E6328D13DECD7300F3392F /* MinimalExampleAppDelegate.h */ = {isa = PBXFileReference; fileEncoding = 4; lastKnownFileType = sourcecode.c.h; name = MinimalExampleAppDelegate.h; path = "MinimalExample-ARC/MinimalExampleAppDelegate.h"; sourceTree = SOURCE_ROOT; };
		78E6328E13DECD7300F3392F /* MinimalExampleAppDelegate.m */ = {isa = PBXFileReference; fileEncoding = 4; lastKnownFileType = sourcecode.c.objc; name = MinimalExampleAppDelegate.m; path = "MinimalExample-ARC/MinimalExampleAppDelegate.m"; sourceTree = SOURCE_ROOT; };
		78E6329213DECD7C00F3392F /* en */ = {isa = PBXFileReference; lastKnownFileType = text.plist.strings; name = en; path = InfoPlist.strings; sourceTree = "<group>"; };
		78E6329313DECD7C00F3392F /* main.m */ = {isa = PBXFileReference; fileEncoding = 4; lastKnownFileType = sourcecode.c.objc; name = main.m; path = "MinimalExample-ARC/main.m"; sourceTree = SOURCE_ROOT; };
		78E6329413DECD7C00F3392F /* MinimalExample-Info.plist */ = {isa = PBXFileReference; fileEncoding = 4; lastKnownFileType = text.plist.xml; name = "MinimalExample-Info.plist"; path = "MinimalExample-ARC/MinimalExample-Info.plist"; sourceTree = SOURCE_ROOT; };
		78E6329513DECD7C00F3392F /* MinimalExample-Prefix.pch */ = {isa = PBXFileReference; fileEncoding = 4; lastKnownFileType = sourcecode.c.h; name = "MinimalExample-Prefix.pch"; path = "MinimalExample-ARC/MinimalExample-Prefix.pch"; sourceTree = SOURCE_ROOT; };
		78E6329B13DECD8B00F3392F /* Samples */ = {isa = PBXFileReference; lastKnownFileType = folder; path = Samples; sourceTree = SOURCE_ROOT; };
/* End PBXFileReference section */

/* Begin PBXFrameworksBuildPhase section */
		78E6325E13DECAF600F3392F /* Frameworks */ = {
			isa = PBXFrameworksBuildPhase;
			buildActionMask = 2147483647;
			files = (
				78C22B19148037870092B889 /* MediaPlayer.framework in Frameworks */,
				78C22B17148037790092B889 /* libz.dylib in Frameworks */,
				78C22B14148037750092B889 /* ImageIO.framework in Frameworks */,
				78881B20141EC36700CB0739 /* MessageUI.framework in Frameworks */,
				78E6328313DECC4600F3392F /* QuartzCore.framework in Frameworks */,
				78E6328113DECC4000F3392F /* CoreText.framework in Frameworks */,
				78E6326613DECAF600F3392F /* UIKit.framework in Frameworks */,
				78E6326813DECAF600F3392F /* Foundation.framework in Frameworks */,
				78E6326A13DECAF600F3392F /* CoreGraphics.framework in Frameworks */,
				78BF20D1148EDC0600D404AC /* PSPDFKit-ARC.framework in Frameworks */,
			);
			runOnlyForDeploymentPostprocessing = 0;
		};
/* End PBXFrameworksBuildPhase section */

/* Begin PBXGroup section */
		78E6325613DECAF600F3392F = {
			isa = PBXGroup;
			children = (
				78E6326B13DECAF600F3392F /* MinimalExample */,
				78E6326413DECAF600F3392F /* Frameworks */,
				78E6326213DECAF600F3392F /* Products */,
			);
			sourceTree = "<group>";
		};
		78E6326213DECAF600F3392F /* Products */ = {
			isa = PBXGroup;
			children = (
				78E6326113DECAF600F3392F /* MinimalARC.app */,
			);
			name = Products;
			sourceTree = "<group>";
		};
		78E6326413DECAF600F3392F /* Frameworks */ = {
			isa = PBXGroup;
			children = (
				78BF20D0148EDC0600D404AC /* PSPDFKit-ARC.framework */,
				78BF20D2148EDC1500D404AC /* PSPDFKit.bundle */,
				78C22B16148037790092B889 /* libz.dylib */,
				78C22B18148037870092B889 /* MediaPlayer.framework */,
				78C22B13148037750092B889 /* ImageIO.framework */,
				78881B1F141EC36700CB0739 /* MessageUI.framework */,
				78E6328213DECC4600F3392F /* QuartzCore.framework */,
				78E6328013DECC4000F3392F /* CoreText.framework */,
				78E6326513DECAF600F3392F /* UIKit.framework */,
				78E6326713DECAF600F3392F /* Foundation.framework */,
				78E6326913DECAF600F3392F /* CoreGraphics.framework */,
			);
			name = Frameworks;
			sourceTree = "<group>";
		};
		78E6326B13DECAF600F3392F /* MinimalExample */ = {
			isa = PBXGroup;
			children = (
				78E6328D13DECD7300F3392F /* MinimalExampleAppDelegate.h */,
				78E6328E13DECD7300F3392F /* MinimalExampleAppDelegate.m */,
				78E6329B13DECD8B00F3392F /* Samples */,
				78E6326C13DECAF600F3392F /* Supporting Files */,
			);
			path = MinimalExample;
			sourceTree = "<group>";
		};
		78E6326C13DECAF600F3392F /* Supporting Files */ = {
			isa = PBXGroup;
			children = (
				78E6329013DECD7C00F3392F /* en.lproj */,
				78E6329313DECD7C00F3392F /* main.m */,
				78881B1C141EC35C00CB0739 /* Icon.png */,
				78E6329413DECD7C00F3392F /* MinimalExample-Info.plist */,
				78E6329513DECD7C00F3392F /* MinimalExample-Prefix.pch */,
			);
			name = "Supporting Files";
			sourceTree = "<group>";
		};
		78E6329013DECD7C00F3392F /* en.lproj */ = {
			isa = PBXGroup;
			children = (
				78E6329113DECD7C00F3392F /* InfoPlist.strings */,
			);
			name = en.lproj;
			path = "MinimalExample-ARC/en.lproj";
			sourceTree = SOURCE_ROOT;
		};
/* End PBXGroup section */

/* Begin PBXNativeTarget section */
		78E6326013DECAF600F3392F /* MinimalExample */ = {
			isa = PBXNativeTarget;
			buildConfigurationList = 78E6327913DECAF600F3392F /* Build configuration list for PBXNativeTarget "MinimalExample" */;
			buildPhases = (
				78E6325D13DECAF600F3392F /* Sources */,
				78E6325E13DECAF600F3392F /* Frameworks */,
				78E6325F13DECAF600F3392F /* Resources */,
			);
			buildRules = (
			);
			dependencies = (
			);
			name = MinimalExample;
			productName = MinimalExample;
			productReference = 78E6326113DECAF600F3392F /* MinimalARC.app */;
			productType = "com.apple.product-type.application";
		};
/* End PBXNativeTarget section */

/* Begin PBXProject section */
		78E6325813DECAF600F3392F /* Project object */ = {
			isa = PBXProject;
			attributes = {
				LastUpgradeCheck = 0420;
				ORGANIZATIONNAME = "Peter Steinberger";
			};
			buildConfigurationList = 78E6325B13DECAF600F3392F /* Build configuration list for PBXProject "MinimalExample-ARC" */;
			compatibilityVersion = "Xcode 3.2";
			developmentRegion = English;
			hasScannedForEncodings = 0;
			knownRegions = (
				en,
				de,
			);
			mainGroup = 78E6325613DECAF600F3392F;
			productRefGroup = 78E6326213DECAF600F3392F /* Products */;
			projectDirPath = "";
			projectRoot = "";
			targets = (
				78E6326013DECAF600F3392F /* MinimalExample */,
			);
		};
/* End PBXProject section */

/* Begin PBXResourcesBuildPhase section */
		78E6325F13DECAF600F3392F /* Resources */ = {
			isa = PBXResourcesBuildPhase;
			buildActionMask = 2147483647;
			files = (
				78E6329613DECD7C00F3392F /* InfoPlist.strings in Resources */,
				78E6329C13DECD8B00F3392F /* Samples in Resources */,
				78881B1D141EC35C00CB0739 /* Icon.png in Resources */,
				78BF20D3148EDC1500D404AC /* PSPDFKit.bundle in Resources */,
			);
			runOnlyForDeploymentPostprocessing = 0;
		};
/* End PBXResourcesBuildPhase section */

/* Begin PBXSourcesBuildPhase section */
		78E6325D13DECAF600F3392F /* Sources */ = {
			isa = PBXSourcesBuildPhase;
			buildActionMask = 2147483647;
			files = (
				78E6328F13DECD7300F3392F /* MinimalExampleAppDelegate.m in Sources */,
				78E6329713DECD7C00F3392F /* main.m in Sources */,
			);
			runOnlyForDeploymentPostprocessing = 0;
		};
/* End PBXSourcesBuildPhase section */

/* Begin PBXVariantGroup section */
		78E6329113DECD7C00F3392F /* InfoPlist.strings */ = {
			isa = PBXVariantGroup;
			children = (
				78E6329213DECD7C00F3392F /* en */,
			);
			name = InfoPlist.strings;
			sourceTree = "<group>";
		};
/* End PBXVariantGroup section */

/* Begin XCBuildConfiguration section */
		78E6327713DECAF600F3392F /* Debug */ = {
			isa = XCBuildConfiguration;
			buildSettings = {
				ALWAYS_SEARCH_USER_PATHS = NO;
				ARCHS = "$(ARCHS_STANDARD_32_BIT)";
				CLANG_ENABLE_OBJC_ARC = YES;
				"CODE_SIGN_IDENTITY[sdk=iphoneos*]" = "iPhone Developer";
				COPY_PHASE_STRIP = NO;
				GCC_C_LANGUAGE_STANDARD = gnu99;
				GCC_DYNAMIC_NO_PIC = NO;
				GCC_OPTIMIZATION_LEVEL = 0;
				GCC_PREPROCESSOR_DEFINITIONS = (
					"DEBUG=1",
					"$(inherited)",
				);
				GCC_SYMBOLS_PRIVATE_EXTERN = NO;
				GCC_VERSION = com.apple.compilers.llvm.clang.1_0;
				GCC_WARN_ABOUT_MISSING_PROTOTYPES = YES;
				GCC_WARN_ABOUT_RETURN_TYPE = YES;
				GCC_WARN_UNUSED_VARIABLE = YES;
				IPHONEOS_DEPLOYMENT_TARGET = 4.0;
				OTHER_LDFLAGS = "-ObjC";
				SDKROOT = iphoneos;
				TARGETED_DEVICE_FAMILY = "1,2";
			};
			name = Debug;
		};
		78E6327813DECAF600F3392F /* Release */ = {
			isa = XCBuildConfiguration;
			buildSettings = {
				ALWAYS_SEARCH_USER_PATHS = NO;
				ARCHS = "$(ARCHS_STANDARD_32_BIT)";
				CLANG_ENABLE_OBJC_ARC = YES;
				"CODE_SIGN_IDENTITY[sdk=iphoneos*]" = "iPhone Developer";
				COPY_PHASE_STRIP = YES;
				GCC_C_LANGUAGE_STANDARD = gnu99;
				GCC_VERSION = com.apple.compilers.llvm.clang.1_0;
				GCC_WARN_ABOUT_MISSING_PROTOTYPES = YES;
				GCC_WARN_ABOUT_RETURN_TYPE = YES;
				GCC_WARN_UNUSED_VARIABLE = YES;
				IPHONEOS_DEPLOYMENT_TARGET = 4.0;
				OTHER_CFLAGS = "-DNS_BLOCK_ASSERTIONS=1";
				OTHER_LDFLAGS = "-ObjC";
				SDKROOT = iphoneos;
				TARGETED_DEVICE_FAMILY = "1,2";
				VALIDATE_PRODUCT = YES;
			};
			name = Release;
		};
		78E6327A13DECAF600F3392F /* Debug */ = {
			isa = XCBuildConfiguration;
			buildSettings = {
				FRAMEWORK_SEARCH_PATHS = (
					"$(inherited)",
					"\"$(SRCROOT)/../..\"",
					"\"$(SRCROOT)/..\"",
				);
				GCC_PRECOMPILE_PREFIX_HEADER = YES;
				GCC_PREFIX_HEADER = "MinimalExample-ARC/MinimalExample-Prefix.pch";
				INFOPLIST_FILE = "MinimalExample-ARC/MinimalExample-Info.plist";
				PRODUCT_NAME = MinimalARC;
				WRAPPER_EXTENSION = app;
			};
			name = Debug;
		};
		78E6327B13DECAF600F3392F /* Release */ = {
			isa = XCBuildConfiguration;
			buildSettings = {
				FRAMEWORK_SEARCH_PATHS = (
					"$(inherited)",
					"\"$(SRCROOT)/../..\"",
					"\"$(SRCROOT)/..\"",
				);
				GCC_PRECOMPILE_PREFIX_HEADER = YES;
				GCC_PREFIX_HEADER = "MinimalExample-ARC/MinimalExample-Prefix.pch";
				INFOPLIST_FILE = "MinimalExample-ARC/MinimalExample-Info.plist";
				PRODUCT_NAME = MinimalARC;
				WRAPPER_EXTENSION = app;
			};
			name = Release;
		};
/* End XCBuildConfiguration section */

/* Begin XCConfigurationList section */
		78E6325B13DECAF600F3392F /* Build configuration list for PBXProject "MinimalExample-ARC" */ = {
			isa = XCConfigurationList;
			buildConfigurations = (
				78E6327713DECAF600F3392F /* Debug */,
				78E6327813DECAF600F3392F /* Release */,
			);
			defaultConfigurationIsVisible = 0;
			defaultConfigurationName = Release;
		};
		78E6327913DECAF600F3392F /* Build configuration list for PBXNativeTarget "MinimalExample" */ = {
			isa = XCConfigurationList;
			buildConfigurations = (
				78E6327A13DECAF600F3392F /* Debug */,
				78E6327B13DECAF600F3392F /* Release */,
			);
			defaultConfigurationIsVisible = 0;
			defaultConfigurationName = Release;
		};
/* End XCConfigurationList section */
	};
	rootObject = 78E6325813DECAF600F3392F /* Project object */;
}
