// !$*UTF8*$!
{
	archiveVersion = 1;
	classes = {
	};
	objectVersion = 46;
	objects = {

/* Begin PBXBuildFile section */
		781384A613D9AF600090CAC1 /* Samples in Resources */ = {isa = PBXBuildFile; fileRef = 781384A513D9AF600090CAC1 /* Samples */; };
		7834179B13DC96DD009DAEE8 /* PSPDFDownload.m in Sources */ = {isa = PBXBuildFile; fileRef = 7834179A13DC96DD009DAEE8 /* PSPDFDownload.m */; };
		783417BA13DCAA39009DAEE8 /* ASIHTTPRequest.m in Sources */ = {isa = PBXBuildFile; fileRef = 783417B213DCAA39009DAEE8 /* ASIHTTPRequest.m */; };
		783417BB13DCAA39009DAEE8 /* ASIInputStream.m in Sources */ = {isa = PBXBuildFile; fileRef = 783417B613DCAA39009DAEE8 /* ASIInputStream.m */; };
		783417BC13DCAA39009DAEE8 /* ASINetworkQueue.m in Sources */ = {isa = PBXBuildFile; fileRef = 783417B813DCAA39009DAEE8 /* ASINetworkQueue.m */; };
		783417C013DCABA0009DAEE8 /* Reachability.m in Sources */ = {isa = PBXBuildFile; fileRef = 783417BF13DCABA0009DAEE8 /* Reachability.m */; };
		783417C313DCAFF1009DAEE8 /* ASIAuthenticationDialog.m in Sources */ = {isa = PBXBuildFile; fileRef = 783417C213DCAFF1009DAEE8 /* ASIAuthenticationDialog.m */; };
		783417C613DCB000009DAEE8 /* ASIDataDecompressor.m in Sources */ = {isa = PBXBuildFile; fileRef = 783417C513DCB000009DAEE8 /* ASIDataDecompressor.m */; };
		783417C913DCB00F009DAEE8 /* ASIDataCompressor.m in Sources */ = {isa = PBXBuildFile; fileRef = 783417C813DCB00F009DAEE8 /* ASIDataCompressor.m */; };
		783417CB13DCB0B1009DAEE8 /* CFNetwork.framework in Frameworks */ = {isa = PBXBuildFile; fileRef = 783417CA13DCB0B1009DAEE8 /* CFNetwork.framework */; };
		783417CD13DCB0EF009DAEE8 /* libz.dylib in Frameworks */ = {isa = PBXBuildFile; fileRef = 783417CC13DCB0EF009DAEE8 /* libz.dylib */; };
		783417D113DCB10A009DAEE8 /* MobileCoreServices.framework in Frameworks */ = {isa = PBXBuildFile; fileRef = 783417D013DCB10A009DAEE8 /* MobileCoreServices.framework */; };
		783417D313DCB169009DAEE8 /* SystemConfiguration.framework in Frameworks */ = {isa = PBXBuildFile; fileRef = 783417D213DCB169009DAEE8 /* SystemConfiguration.framework */; };
		783C77A513D982B100CF7C9D /* UIKit.framework in Frameworks */ = {isa = PBXBuildFile; fileRef = 783C77A413D982B100CF7C9D /* UIKit.framework */; };
		783C77A713D982B100CF7C9D /* Foundation.framework in Frameworks */ = {isa = PBXBuildFile; fileRef = 783C77A613D982B100CF7C9D /* Foundation.framework */; };
		783C77A913D982B100CF7C9D /* CoreGraphics.framework in Frameworks */ = {isa = PBXBuildFile; fileRef = 783C77A813D982B100CF7C9D /* CoreGraphics.framework */; };
		783C77B113D982B100CF7C9D /* main.m in Sources */ = {isa = PBXBuildFile; fileRef = 783C77B013D982B100CF7C9D /* main.m */; };
		783C77B513D982B100CF7C9D /* AppDelegate.m in Sources */ = {isa = PBXBuildFile; fileRef = 783C77B413D982B100CF7C9D /* AppDelegate.m */; };
		783C77DD13D9842E00CF7C9D /* PSPDFMagazine.m in Sources */ = {isa = PBXBuildFile; fileRef = 783C77D413D9842E00CF7C9D /* PSPDFMagazine.m */; };
		783C77DE13D9842E00CF7C9D /* PSPDFNavigationController.m in Sources */ = {isa = PBXBuildFile; fileRef = 783C77D613D9842E00CF7C9D /* PSPDFNavigationController.m */; };
		783C77DF13D9842E00CF7C9D /* PSPDFImageGridViewCell.m in Sources */ = {isa = PBXBuildFile; fileRef = 783C77D813D9842E00CF7C9D /* PSPDFImageGridViewCell.m */; };
		783C77E013D9842E00CF7C9D /* PSPDFGridController.m in Sources */ = {isa = PBXBuildFile; fileRef = 783C77DA13D9842E00CF7C9D /* PSPDFGridController.m */; };
		783C77E113D9842E00CF7C9D /* PSPDFGridView.m in Sources */ = {isa = PBXBuildFile; fileRef = 783C77DC13D9842E00CF7C9D /* PSPDFGridView.m */; };
		783C77EA13D986B400CF7C9D /* PSPDFMagazineFolder.m in Sources */ = {isa = PBXBuildFile; fileRef = 783C77E913D986B300CF7C9D /* PSPDFMagazineFolder.m */; };
		783C782313D994A100CF7C9D /* PSPDFBasicViewController.m in Sources */ = {isa = PBXBuildFile; fileRef = 783C782213D994A100CF7C9D /* PSPDFBasicViewController.m */; };
		783C782613D9959100CF7C9D /* PSPDFExampleViewController.m in Sources */ = {isa = PBXBuildFile; fileRef = 783C782513D9959100CF7C9D /* PSPDFExampleViewController.m */; };
		783C782C13D9961B00CF7C9D /* linen_texture_dark.png in Resources */ = {isa = PBXBuildFile; fileRef = 783C782A13D9961B00CF7C9D /* linen_texture_dark.png */; };
		783C782D13D9961B00CF7C9D /* linen_texture_dark@2x.png in Resources */ = {isa = PBXBuildFile; fileRef = 783C782B13D9961B00CF7C9D /* linen_texture_dark@2x.png */; };
		783C782F13D999DE00CF7C9D /* QuartzCore.framework in Frameworks */ = {isa = PBXBuildFile; fileRef = 783C782E13D999DE00CF7C9D /* QuartzCore.framework */; };
		783C783113D999ED00CF7C9D /* AVFoundation.framework in Frameworks */ = {isa = PBXBuildFile; fileRef = 783C783013D999ED00CF7C9D /* AVFoundation.framework */; };
		783C783313D999F300CF7C9D /* CoreText.framework in Frameworks */ = {isa = PBXBuildFile; fileRef = 783C783213D999F300CF7C9D /* CoreText.framework */; };
		783C783613D9A55E00CF7C9D /* badge.png in Resources */ = {isa = PBXBuildFile; fileRef = 783C783413D9A55E00CF7C9D /* badge.png */; };
		783C783713D9A55E00CF7C9D /* badge@2x.png in Resources */ = {isa = PBXBuildFile; fileRef = 783C783513D9A55E00CF7C9D /* badge@2x.png */; };
		788ACD0513E6A23B00689E19 /* Icon.png in Resources */ = {isa = PBXBuildFile; fileRef = 788ACD0413E6A23B00689E19 /* Icon.png */; };
		78B6E3CE13DC607600948D43 /* Localizable.strings in Resources */ = {isa = PBXBuildFile; fileRef = 78B6E3CB13DC607600948D43 /* Localizable.strings */; };
		78B6E3D413DC6ED400948D43 /* PSPDFCacheSettingsController.m in Sources */ = {isa = PBXBuildFile; fileRef = 78B6E3D313DC6ED400948D43 /* PSPDFCacheSettingsController.m */; };
		78D880B013EE3984009ACEB5 /* PSPDFStoreManager.m in Sources */ = {isa = PBXBuildFile; fileRef = 78D880AF13EE3984009ACEB5 /* PSPDFStoreManager.m */; };
		78D880B713EE399B009ACEB5 /* NSObject+AssociatedObjects.m in Sources */ = {isa = PBXBuildFile; fileRef = 78D880B413EE399B009ACEB5 /* NSObject+AssociatedObjects.m */; };
		78D880B813EE399B009ACEB5 /* NSObject+BlockObservation.m in Sources */ = {isa = PBXBuildFile; fileRef = 78D880B613EE399B009ACEB5 /* NSObject+BlockObservation.m */; };
		78E6325513DEC96700F3392F /* PSPDFKit.framework in Frameworks */ = {isa = PBXBuildFile; fileRef = 78E6325413DEC96700F3392F /* PSPDFKit.framework */; };
/* End PBXBuildFile section */

/* Begin PBXFileReference section */
		781384A513D9AF600090CAC1 /* Samples */ = {isa = PBXFileReference; lastKnownFileType = folder; path = Samples; sourceTree = SOURCE_ROOT; };
		7834179913DC96DD009DAEE8 /* PSPDFDownload.h */ = {isa = PBXFileReference; fileEncoding = 4; lastKnownFileType = sourcecode.c.h; path = PSPDFDownload.h; sourceTree = "<group>"; };
		7834179A13DC96DD009DAEE8 /* PSPDFDownload.m */ = {isa = PBXFileReference; fileEncoding = 4; lastKnownFileType = sourcecode.c.objc; path = PSPDFDownload.m; sourceTree = "<group>"; };
		783417B113DCAA39009DAEE8 /* ASIHTTPRequest.h */ = {isa = PBXFileReference; fileEncoding = 4; lastKnownFileType = sourcecode.c.h; path = ASIHTTPRequest.h; sourceTree = "<group>"; };
		783417B213DCAA39009DAEE8 /* ASIHTTPRequest.m */ = {isa = PBXFileReference; fileEncoding = 4; lastKnownFileType = sourcecode.c.objc; path = ASIHTTPRequest.m; sourceTree = "<group>"; };
		783417B313DCAA39009DAEE8 /* ASIHTTPRequestConfig.h */ = {isa = PBXFileReference; fileEncoding = 4; lastKnownFileType = sourcecode.c.h; path = ASIHTTPRequestConfig.h; sourceTree = "<group>"; };
		783417B413DCAA39009DAEE8 /* ASIHTTPRequestDelegate.h */ = {isa = PBXFileReference; fileEncoding = 4; lastKnownFileType = sourcecode.c.h; path = ASIHTTPRequestDelegate.h; sourceTree = "<group>"; };
		783417B513DCAA39009DAEE8 /* ASIInputStream.h */ = {isa = PBXFileReference; fileEncoding = 4; lastKnownFileType = sourcecode.c.h; path = ASIInputStream.h; sourceTree = "<group>"; };
		783417B613DCAA39009DAEE8 /* ASIInputStream.m */ = {isa = PBXFileReference; fileEncoding = 4; lastKnownFileType = sourcecode.c.objc; path = ASIInputStream.m; sourceTree = "<group>"; };
		783417B713DCAA39009DAEE8 /* ASINetworkQueue.h */ = {isa = PBXFileReference; fileEncoding = 4; lastKnownFileType = sourcecode.c.h; path = ASINetworkQueue.h; sourceTree = "<group>"; };
		783417B813DCAA39009DAEE8 /* ASINetworkQueue.m */ = {isa = PBXFileReference; fileEncoding = 4; lastKnownFileType = sourcecode.c.objc; path = ASINetworkQueue.m; sourceTree = "<group>"; };
		783417B913DCAA39009DAEE8 /* ASIProgressDelegate.h */ = {isa = PBXFileReference; fileEncoding = 4; lastKnownFileType = sourcecode.c.h; path = ASIProgressDelegate.h; sourceTree = "<group>"; };
		783417BD13DCAA72009DAEE8 /* ASICacheDelegate.h */ = {isa = PBXFileReference; fileEncoding = 4; lastKnownFileType = sourcecode.c.h; path = ASICacheDelegate.h; sourceTree = "<group>"; };
		783417BE13DCABA0009DAEE8 /* Reachability.h */ = {isa = PBXFileReference; fileEncoding = 4; lastKnownFileType = sourcecode.c.h; path = Reachability.h; sourceTree = "<group>"; };
		783417BF13DCABA0009DAEE8 /* Reachability.m */ = {isa = PBXFileReference; fileEncoding = 4; lastKnownFileType = sourcecode.c.objc; path = Reachability.m; sourceTree = "<group>"; };
		783417C113DCAFF1009DAEE8 /* ASIAuthenticationDialog.h */ = {isa = PBXFileReference; fileEncoding = 4; lastKnownFileType = sourcecode.c.h; path = ASIAuthenticationDialog.h; sourceTree = "<group>"; };
		783417C213DCAFF1009DAEE8 /* ASIAuthenticationDialog.m */ = {isa = PBXFileReference; fileEncoding = 4; lastKnownFileType = sourcecode.c.objc; path = ASIAuthenticationDialog.m; sourceTree = "<group>"; };
		783417C413DCB000009DAEE8 /* ASIDataDecompressor.h */ = {isa = PBXFileReference; fileEncoding = 4; lastKnownFileType = sourcecode.c.h; path = ASIDataDecompressor.h; sourceTree = "<group>"; };
		783417C513DCB000009DAEE8 /* ASIDataDecompressor.m */ = {isa = PBXFileReference; fileEncoding = 4; lastKnownFileType = sourcecode.c.objc; path = ASIDataDecompressor.m; sourceTree = "<group>"; };
		783417C713DCB00F009DAEE8 /* ASIDataCompressor.h */ = {isa = PBXFileReference; fileEncoding = 4; lastKnownFileType = sourcecode.c.h; path = ASIDataCompressor.h; sourceTree = "<group>"; };
		783417C813DCB00F009DAEE8 /* ASIDataCompressor.m */ = {isa = PBXFileReference; fileEncoding = 4; lastKnownFileType = sourcecode.c.objc; path = ASIDataCompressor.m; sourceTree = "<group>"; };
		783417CA13DCB0B1009DAEE8 /* CFNetwork.framework */ = {isa = PBXFileReference; lastKnownFileType = wrapper.framework; name = CFNetwork.framework; path = System/Library/Frameworks/CFNetwork.framework; sourceTree = SDKROOT; };
		783417CC13DCB0EF009DAEE8 /* libz.dylib */ = {isa = PBXFileReference; lastKnownFileType = "compiled.mach-o.dylib"; name = libz.dylib; path = usr/lib/libz.dylib; sourceTree = SDKROOT; };
		783417D013DCB10A009DAEE8 /* MobileCoreServices.framework */ = {isa = PBXFileReference; lastKnownFileType = wrapper.framework; name = MobileCoreServices.framework; path = System/Library/Frameworks/MobileCoreServices.framework; sourceTree = SDKROOT; };
		783417D213DCB169009DAEE8 /* SystemConfiguration.framework */ = {isa = PBXFileReference; lastKnownFileType = wrapper.framework; name = SystemConfiguration.framework; path = System/Library/Frameworks/SystemConfiguration.framework; sourceTree = SDKROOT; };
		783C77A013D982B100CF7C9D /* PSPDFKitExample.app */ = {isa = PBXFileReference; explicitFileType = wrapper.application; includeInIndex = 0; path = PSPDFKitExample.app; sourceTree = BUILT_PRODUCTS_DIR; };
		783C77A413D982B100CF7C9D /* UIKit.framework */ = {isa = PBXFileReference; lastKnownFileType = wrapper.framework; name = UIKit.framework; path = System/Library/Frameworks/UIKit.framework; sourceTree = SDKROOT; };
		783C77A613D982B100CF7C9D /* Foundation.framework */ = {isa = PBXFileReference; lastKnownFileType = wrapper.framework; name = Foundation.framework; path = System/Library/Frameworks/Foundation.framework; sourceTree = SDKROOT; };
		783C77A813D982B100CF7C9D /* CoreGraphics.framework */ = {isa = PBXFileReference; lastKnownFileType = wrapper.framework; name = CoreGraphics.framework; path = System/Library/Frameworks/CoreGraphics.framework; sourceTree = SDKROOT; };
		783C77AC13D982B100CF7C9D /* PSPDFKitExample-Info.plist */ = {isa = PBXFileReference; lastKnownFileType = text.plist.xml; path = "PSPDFKitExample-Info.plist"; sourceTree = "<group>"; };
		783C77B013D982B100CF7C9D /* main.m */ = {isa = PBXFileReference; lastKnownFileType = sourcecode.c.objc; path = main.m; sourceTree = "<group>"; };
		783C77B213D982B100CF7C9D /* PSPDFKitExample-Prefix.pch */ = {isa = PBXFileReference; lastKnownFileType = sourcecode.c.h; path = "PSPDFKitExample-Prefix.pch"; sourceTree = "<group>"; };
		783C77B313D982B100CF7C9D /* AppDelegate.h */ = {isa = PBXFileReference; lastKnownFileType = sourcecode.c.h; path = AppDelegate.h; sourceTree = "<group>"; };
		783C77B413D982B100CF7C9D /* AppDelegate.m */ = {isa = PBXFileReference; lastKnownFileType = sourcecode.c.objc; path = AppDelegate.m; sourceTree = "<group>"; };
		783C77D313D9842E00CF7C9D /* PSPDFMagazine.h */ = {isa = PBXFileReference; fileEncoding = 4; lastKnownFileType = sourcecode.c.h; path = PSPDFMagazine.h; sourceTree = "<group>"; };
		783C77D413D9842E00CF7C9D /* PSPDFMagazine.m */ = {isa = PBXFileReference; fileEncoding = 4; lastKnownFileType = sourcecode.c.objc; path = PSPDFMagazine.m; sourceTree = "<group>"; };
		783C77D513D9842E00CF7C9D /* PSPDFNavigationController.h */ = {isa = PBXFileReference; fileEncoding = 4; lastKnownFileType = sourcecode.c.h; path = PSPDFNavigationController.h; sourceTree = "<group>"; };
		783C77D613D9842E00CF7C9D /* PSPDFNavigationController.m */ = {isa = PBXFileReference; fileEncoding = 4; lastKnownFileType = sourcecode.c.objc; path = PSPDFNavigationController.m; sourceTree = "<group>"; };
		783C77D713D9842E00CF7C9D /* PSPDFImageGridViewCell.h */ = {isa = PBXFileReference; fileEncoding = 4; lastKnownFileType = sourcecode.c.h; path = PSPDFImageGridViewCell.h; sourceTree = "<group>"; };
		783C77D813D9842E00CF7C9D /* PSPDFImageGridViewCell.m */ = {isa = PBXFileReference; fileEncoding = 4; lastKnownFileType = sourcecode.c.objc; path = PSPDFImageGridViewCell.m; sourceTree = "<group>"; };
		783C77D913D9842E00CF7C9D /* PSPDFGridController.h */ = {isa = PBXFileReference; fileEncoding = 4; lastKnownFileType = sourcecode.c.h; path = PSPDFGridController.h; sourceTree = "<group>"; };
		783C77DA13D9842E00CF7C9D /* PSPDFGridController.m */ = {isa = PBXFileReference; fileEncoding = 4; lastKnownFileType = sourcecode.c.objc; path = PSPDFGridController.m; sourceTree = "<group>"; };
		783C77DB13D9842E00CF7C9D /* PSPDFGridView.h */ = {isa = PBXFileReference; fileEncoding = 4; lastKnownFileType = sourcecode.c.h; path = PSPDFGridView.h; sourceTree = "<group>"; };
		783C77DC13D9842E00CF7C9D /* PSPDFGridView.m */ = {isa = PBXFileReference; fileEncoding = 4; lastKnownFileType = sourcecode.c.objc; path = PSPDFGridView.m; sourceTree = "<group>"; };
		783C77E813D986B300CF7C9D /* PSPDFMagazineFolder.h */ = {isa = PBXFileReference; fileEncoding = 4; lastKnownFileType = sourcecode.c.h; path = PSPDFMagazineFolder.h; sourceTree = "<group>"; };
		783C77E913D986B300CF7C9D /* PSPDFMagazineFolder.m */ = {isa = PBXFileReference; fileEncoding = 4; lastKnownFileType = sourcecode.c.objc; path = PSPDFMagazineFolder.m; sourceTree = "<group>"; };
		783C782113D994A100CF7C9D /* PSPDFBasicViewController.h */ = {isa = PBXFileReference; fileEncoding = 4; lastKnownFileType = sourcecode.c.h; path = PSPDFBasicViewController.h; sourceTree = "<group>"; };
		783C782213D994A100CF7C9D /* PSPDFBasicViewController.m */ = {isa = PBXFileReference; fileEncoding = 4; lastKnownFileType = sourcecode.c.objc; path = PSPDFBasicViewController.m; sourceTree = "<group>"; };
		783C782413D9959100CF7C9D /* PSPDFExampleViewController.h */ = {isa = PBXFileReference; fileEncoding = 4; lastKnownFileType = sourcecode.c.h; path = PSPDFExampleViewController.h; sourceTree = "<group>"; };
		783C782513D9959100CF7C9D /* PSPDFExampleViewController.m */ = {isa = PBXFileReference; fileEncoding = 4; lastKnownFileType = sourcecode.c.objc; path = PSPDFExampleViewController.m; sourceTree = "<group>"; };
		783C782A13D9961B00CF7C9D /* linen_texture_dark.png */ = {isa = PBXFileReference; lastKnownFileType = image.png; path = linen_texture_dark.png; sourceTree = "<group>"; };
		783C782B13D9961B00CF7C9D /* linen_texture_dark@2x.png */ = {isa = PBXFileReference; lastKnownFileType = image.png; path = "linen_texture_dark@2x.png"; sourceTree = "<group>"; };
		783C782E13D999DE00CF7C9D /* QuartzCore.framework */ = {isa = PBXFileReference; lastKnownFileType = wrapper.framework; name = QuartzCore.framework; path = System/Library/Frameworks/QuartzCore.framework; sourceTree = SDKROOT; };
		783C783013D999ED00CF7C9D /* AVFoundation.framework */ = {isa = PBXFileReference; lastKnownFileType = wrapper.framework; name = AVFoundation.framework; path = System/Library/Frameworks/AVFoundation.framework; sourceTree = SDKROOT; };
		783C783213D999F300CF7C9D /* CoreText.framework */ = {isa = PBXFileReference; lastKnownFileType = wrapper.framework; name = CoreText.framework; path = System/Library/Frameworks/CoreText.framework; sourceTree = SDKROOT; };
		783C783413D9A55E00CF7C9D /* badge.png */ = {isa = PBXFileReference; lastKnownFileType = image.png; path = badge.png; sourceTree = "<group>"; };
		783C783513D9A55E00CF7C9D /* badge@2x.png */ = {isa = PBXFileReference; lastKnownFileType = image.png; path = "badge@2x.png"; sourceTree = "<group>"; };
		788ACD0413E6A23B00689E19 /* Icon.png */ = {isa = PBXFileReference; lastKnownFileType = image.png; path = Icon.png; sourceTree = "<group>"; };
		78B6E3CC13DC607600948D43 /* English */ = {isa = PBXFileReference; lastKnownFileType = text.plist.strings; name = English; path = English.lproj/Localizable.strings; sourceTree = "<group>"; };
		78B6E3CD13DC607600948D43 /* German */ = {isa = PBXFileReference; lastKnownFileType = text.plist.strings; name = German; path = German.lproj/Localizable.strings; sourceTree = "<group>"; };
		78B6E3D213DC6ED400948D43 /* PSPDFCacheSettingsController.h */ = {isa = PBXFileReference; fileEncoding = 4; lastKnownFileType = sourcecode.c.h; path = PSPDFCacheSettingsController.h; sourceTree = "<group>"; };
		78B6E3D313DC6ED400948D43 /* PSPDFCacheSettingsController.m */ = {isa = PBXFileReference; fileEncoding = 4; lastKnownFileType = sourcecode.c.objc; path = PSPDFCacheSettingsController.m; sourceTree = "<group>"; };
		78D880AE13EE3984009ACEB5 /* PSPDFStoreManager.h */ = {isa = PBXFileReference; fileEncoding = 4; lastKnownFileType = sourcecode.c.h; path = PSPDFStoreManager.h; sourceTree = "<group>"; };
		78D880AF13EE3984009ACEB5 /* PSPDFStoreManager.m */ = {isa = PBXFileReference; fileEncoding = 4; lastKnownFileType = sourcecode.c.objc; path = PSPDFStoreManager.m; sourceTree = "<group>"; };
		78D880B313EE399B009ACEB5 /* NSObject+AssociatedObjects.h */ = {isa = PBXFileReference; fileEncoding = 4; lastKnownFileType = sourcecode.c.h; path = "NSObject+AssociatedObjects.h"; sourceTree = "<group>"; };
		78D880B413EE399B009ACEB5 /* NSObject+AssociatedObjects.m */ = {isa = PBXFileReference; fileEncoding = 4; lastKnownFileType = sourcecode.c.objc; path = "NSObject+AssociatedObjects.m"; sourceTree = "<group>"; };
		78D880B513EE399B009ACEB5 /* NSObject+BlockObservation.h */ = {isa = PBXFileReference; fileEncoding = 4; lastKnownFileType = sourcecode.c.h; path = "NSObject+BlockObservation.h"; sourceTree = "<group>"; };
		78D880B613EE399B009ACEB5 /* NSObject+BlockObservation.m */ = {isa = PBXFileReference; fileEncoding = 4; lastKnownFileType = sourcecode.c.objc; path = "NSObject+BlockObservation.m"; sourceTree = "<group>"; };
		78E6325413DEC96700F3392F /* PSPDFKit.framework */ = {isa = PBXFileReference; lastKnownFileType = wrapper.framework; name = PSPDFKit.framework; path = ../PSPDFKit.framework; sourceTree = "<group>"; };
/* End PBXFileReference section */

/* Begin PBXFrameworksBuildPhase section */
		783C779D13D982B100CF7C9D /* Frameworks */ = {
			isa = PBXFrameworksBuildPhase;
			buildActionMask = 2147483647;
			files = (
				783417D313DCB169009DAEE8 /* SystemConfiguration.framework in Frameworks */,
				783417D113DCB10A009DAEE8 /* MobileCoreServices.framework in Frameworks */,
				783417CD13DCB0EF009DAEE8 /* libz.dylib in Frameworks */,
				783417CB13DCB0B1009DAEE8 /* CFNetwork.framework in Frameworks */,
				783C783313D999F300CF7C9D /* CoreText.framework in Frameworks */,
				783C783113D999ED00CF7C9D /* AVFoundation.framework in Frameworks */,
				783C782F13D999DE00CF7C9D /* QuartzCore.framework in Frameworks */,
				783C77A513D982B100CF7C9D /* UIKit.framework in Frameworks */,
				783C77A713D982B100CF7C9D /* Foundation.framework in Frameworks */,
				783C77A913D982B100CF7C9D /* CoreGraphics.framework in Frameworks */,
				78E6325513DEC96700F3392F /* PSPDFKit.framework in Frameworks */,
			);
			runOnlyForDeploymentPostprocessing = 0;
		};
/* End PBXFrameworksBuildPhase section */

/* Begin PBXGroup section */
		7834179813DC9686009DAEE8 /* Download */ = {
			isa = PBXGroup;
			children = (
				783417B013DCAA39009DAEE8 /* asi-http-request */,
				7834179913DC96DD009DAEE8 /* PSPDFDownload.h */,
				7834179A13DC96DD009DAEE8 /* PSPDFDownload.m */,
				78D880AE13EE3984009ACEB5 /* PSPDFStoreManager.h */,
				78D880AF13EE3984009ACEB5 /* PSPDFStoreManager.m */,
			);
			name = Download;
			sourceTree = "<group>";
		};
		783417B013DCAA39009DAEE8 /* asi-http-request */ = {
			isa = PBXGroup;
			children = (
				783417B113DCAA39009DAEE8 /* ASIHTTPRequest.h */,
				783417B213DCAA39009DAEE8 /* ASIHTTPRequest.m */,
				783417B313DCAA39009DAEE8 /* ASIHTTPRequestConfig.h */,
				783417B413DCAA39009DAEE8 /* ASIHTTPRequestDelegate.h */,
				783417B513DCAA39009DAEE8 /* ASIInputStream.h */,
				783417B613DCAA39009DAEE8 /* ASIInputStream.m */,
				783417B713DCAA39009DAEE8 /* ASINetworkQueue.h */,
				783417B813DCAA39009DAEE8 /* ASINetworkQueue.m */,
				783417B913DCAA39009DAEE8 /* ASIProgressDelegate.h */,
				783417BD13DCAA72009DAEE8 /* ASICacheDelegate.h */,
				783417BE13DCABA0009DAEE8 /* Reachability.h */,
				783417BF13DCABA0009DAEE8 /* Reachability.m */,
				783417C113DCAFF1009DAEE8 /* ASIAuthenticationDialog.h */,
				783417C213DCAFF1009DAEE8 /* ASIAuthenticationDialog.m */,
				783417C413DCB000009DAEE8 /* ASIDataDecompressor.h */,
				783417C513DCB000009DAEE8 /* ASIDataDecompressor.m */,
				783417C713DCB00F009DAEE8 /* ASIDataCompressor.h */,
				783417C813DCB00F009DAEE8 /* ASIDataCompressor.m */,
			);
			path = "asi-http-request";
			sourceTree = "<group>";
		};
		783C779513D982B100CF7C9D = {
			isa = PBXGroup;
			children = (
				783C77AA13D982B100CF7C9D /* PSPDFKitExample */,
				783C77A313D982B100CF7C9D /* Frameworks */,
				783C77A113D982B100CF7C9D /* Products */,
			);
			sourceTree = "<group>";
		};
		783C77A113D982B100CF7C9D /* Products */ = {
			isa = PBXGroup;
			children = (
				783C77A013D982B100CF7C9D /* PSPDFKitExample.app */,
			);
			name = Products;
			sourceTree = "<group>";
		};
		783C77A313D982B100CF7C9D /* Frameworks */ = {
			isa = PBXGroup;
			children = (
				78E6325413DEC96700F3392F /* PSPDFKit.framework */,
				783417CC13DCB0EF009DAEE8 /* libz.dylib */,
				783417D213DCB169009DAEE8 /* SystemConfiguration.framework */,
				783417D013DCB10A009DAEE8 /* MobileCoreServices.framework */,
				783417CA13DCB0B1009DAEE8 /* CFNetwork.framework */,
				783C783213D999F300CF7C9D /* CoreText.framework */,
				783C783013D999ED00CF7C9D /* AVFoundation.framework */,
				783C782E13D999DE00CF7C9D /* QuartzCore.framework */,
				783C77A413D982B100CF7C9D /* UIKit.framework */,
				783C77A613D982B100CF7C9D /* Foundation.framework */,
				783C77A813D982B100CF7C9D /* CoreGraphics.framework */,
			);
			name = Frameworks;
			sourceTree = "<group>";
		};
		783C77AA13D982B100CF7C9D /* PSPDFKitExample */ = {
			isa = PBXGroup;
			children = (
				78D880B213EE399B009ACEB5 /* Categories */,
				7834179813DC9686009DAEE8 /* Download */,
				783C77EB13D986BA00CF7C9D /* Model */,
				783C77ED13D986CF00CF7C9D /* View */,
				783C77EC13D986C400CF7C9D /* Helper Classes */,
				783C77B313D982B100CF7C9D /* AppDelegate.h */,
				783C77B413D982B100CF7C9D /* AppDelegate.m */,
				783C77AB13D982B100CF7C9D /* Supporting Files */,
				783C782913D9961A00CF7C9D /* Resources */,
				781384A513D9AF600090CAC1 /* Samples */,
			);
			path = PSPDFKitExample;
			sourceTree = "<group>";
		};
		783C77AB13D982B100CF7C9D /* Supporting Files */ = {
			isa = PBXGroup;
			children = (
				783C77AC13D982B100CF7C9D /* PSPDFKitExample-Info.plist */,
				783C77B013D982B100CF7C9D /* main.m */,
				783C77B213D982B100CF7C9D /* PSPDFKitExample-Prefix.pch */,
			);
			name = "Supporting Files";
			sourceTree = "<group>";
		};
		783C77EB13D986BA00CF7C9D /* Model */ = {
			isa = PBXGroup;
			children = (
				783C77E813D986B300CF7C9D /* PSPDFMagazineFolder.h */,
				783C77E913D986B300CF7C9D /* PSPDFMagazineFolder.m */,
				783C77D313D9842E00CF7C9D /* PSPDFMagazine.h */,
				783C77D413D9842E00CF7C9D /* PSPDFMagazine.m */,
			);
			name = Model;
			sourceTree = "<group>";
		};
		783C77EC13D986C400CF7C9D /* Helper Classes */ = {
			isa = PBXGroup;
			children = (
				783C77D513D9842E00CF7C9D /* PSPDFNavigationController.h */,
				783C77D613D9842E00CF7C9D /* PSPDFNavigationController.m */,
				783C77DB13D9842E00CF7C9D /* PSPDFGridView.h */,
				783C77DC13D9842E00CF7C9D /* PSPDFGridView.m */,
				78B6E3D213DC6ED400948D43 /* PSPDFCacheSettingsController.h */,
				78B6E3D313DC6ED400948D43 /* PSPDFCacheSettingsController.m */,
			);
			name = "Helper Classes";
			sourceTree = "<group>";
		};
		783C77ED13D986CF00CF7C9D /* View */ = {
			isa = PBXGroup;
			children = (
				783C782113D994A100CF7C9D /* PSPDFBasicViewController.h */,
				783C782213D994A100CF7C9D /* PSPDFBasicViewController.m */,
				783C77D713D9842E00CF7C9D /* PSPDFImageGridViewCell.h */,
				783C77D813D9842E00CF7C9D /* PSPDFImageGridViewCell.m */,
				783C77D913D9842E00CF7C9D /* PSPDFGridController.h */,
				783C77DA13D9842E00CF7C9D /* PSPDFGridController.m */,
				783C782413D9959100CF7C9D /* PSPDFExampleViewController.h */,
				783C782513D9959100CF7C9D /* PSPDFExampleViewController.m */,
			);
			name = View;
			sourceTree = "<group>";
		};
		783C782913D9961A00CF7C9D /* Resources */ = {
			isa = PBXGroup;
			children = (
				788ACD0413E6A23B00689E19 /* Icon.png */,
				78B6E3CA13DC607600948D43 /* Localization */,
				783C783413D9A55E00CF7C9D /* badge.png */,
				783C783513D9A55E00CF7C9D /* badge@2x.png */,
				783C782A13D9961B00CF7C9D /* linen_texture_dark.png */,
				783C782B13D9961B00CF7C9D /* linen_texture_dark@2x.png */,
			);
			path = Resources;
			sourceTree = "<group>";
		};
		78B6E3CA13DC607600948D43 /* Localization */ = {
			isa = PBXGroup;
			children = (
				78B6E3CB13DC607600948D43 /* Localizable.strings */,
			);
			path = Localization;
			sourceTree = "<group>";
		};
		78D880B213EE399B009ACEB5 /* Categories */ = {
			isa = PBXGroup;
			children = (
				78D880B313EE399B009ACEB5 /* NSObject+AssociatedObjects.h */,
				78D880B413EE399B009ACEB5 /* NSObject+AssociatedObjects.m */,
				78D880B513EE399B009ACEB5 /* NSObject+BlockObservation.h */,
				78D880B613EE399B009ACEB5 /* NSObject+BlockObservation.m */,
			);
			path = Categories;
			sourceTree = "<group>";
		};
/* End PBXGroup section */

/* Begin PBXNativeTarget section */
		783C779F13D982B100CF7C9D /* PSPDFKitExample */ = {
			isa = PBXNativeTarget;
			buildConfigurationList = 783C77C113D982B100CF7C9D /* Build configuration list for PBXNativeTarget "PSPDFKitExample" */;
			buildPhases = (
				783C779C13D982B100CF7C9D /* Sources */,
				783C779D13D982B100CF7C9D /* Frameworks */,
				783C779E13D982B100CF7C9D /* Resources */,
			);
			buildRules = (
			);
			dependencies = (
			);
			name = PSPDFKitExample;
			productName = PSPDFKitExample;
			productReference = 783C77A013D982B100CF7C9D /* PSPDFKitExample.app */;
			productType = "com.apple.product-type.application";
		};
/* End PBXNativeTarget section */

/* Begin PBXProject section */
		783C779713D982B100CF7C9D /* Project object */ = {
			isa = PBXProject;
			attributes = {
				LastUpgradeCheck = 0420;
				ORGANIZATIONNAME = "Peter Steinberger";
			};
			buildConfigurationList = 783C779A13D982B100CF7C9D /* Build configuration list for PBXProject "PSPDFKitExample" */;
			compatibilityVersion = "Xcode 3.2";
			developmentRegion = English;
			hasScannedForEncodings = 0;
			knownRegions = (
				en,
				English,
				German,
			);
			mainGroup = 783C779513D982B100CF7C9D;
			productRefGroup = 783C77A113D982B100CF7C9D /* Products */;
			projectDirPath = "";
			projectRoot = "";
			targets = (
				783C779F13D982B100CF7C9D /* PSPDFKitExample */,
			);
		};
/* End PBXProject section */

/* Begin PBXResourcesBuildPhase section */
		783C779E13D982B100CF7C9D /* Resources */ = {
			isa = PBXResourcesBuildPhase;
			buildActionMask = 2147483647;
			files = (
				783C782C13D9961B00CF7C9D /* linen_texture_dark.png in Resources */,
				783C782D13D9961B00CF7C9D /* linen_texture_dark@2x.png in Resources */,
				783C783613D9A55E00CF7C9D /* badge.png in Resources */,
				783C783713D9A55E00CF7C9D /* badge@2x.png in Resources */,
				781384A613D9AF600090CAC1 /* Samples in Resources */,
				78B6E3CE13DC607600948D43 /* Localizable.strings in Resources */,
				788ACD0513E6A23B00689E19 /* Icon.png in Resources */,
			);
			runOnlyForDeploymentPostprocessing = 0;
		};
/* End PBXResourcesBuildPhase section */

/* Begin PBXSourcesBuildPhase section */
		783C779C13D982B100CF7C9D /* Sources */ = {
			isa = PBXSourcesBuildPhase;
			buildActionMask = 2147483647;
			files = (
				783C77B113D982B100CF7C9D /* main.m in Sources */,
				783C77B513D982B100CF7C9D /* AppDelegate.m in Sources */,
				783C77DD13D9842E00CF7C9D /* PSPDFMagazine.m in Sources */,
				783C77DE13D9842E00CF7C9D /* PSPDFNavigationController.m in Sources */,
				783C77DF13D9842E00CF7C9D /* PSPDFImageGridViewCell.m in Sources */,
				783C77E013D9842E00CF7C9D /* PSPDFGridController.m in Sources */,
				783C77E113D9842E00CF7C9D /* PSPDFGridView.m in Sources */,
				783C77EA13D986B400CF7C9D /* PSPDFMagazineFolder.m in Sources */,
				783C782313D994A100CF7C9D /* PSPDFBasicViewController.m in Sources */,
				783C782613D9959100CF7C9D /* PSPDFExampleViewController.m in Sources */,
				78B6E3D413DC6ED400948D43 /* PSPDFCacheSettingsController.m in Sources */,
				7834179B13DC96DD009DAEE8 /* PSPDFDownload.m in Sources */,
				783417BA13DCAA39009DAEE8 /* ASIHTTPRequest.m in Sources */,
				783417BB13DCAA39009DAEE8 /* ASIInputStream.m in Sources */,
				783417BC13DCAA39009DAEE8 /* ASINetworkQueue.m in Sources */,
				783417C013DCABA0009DAEE8 /* Reachability.m in Sources */,
				783417C313DCAFF1009DAEE8 /* ASIAuthenticationDialog.m in Sources */,
				783417C613DCB000009DAEE8 /* ASIDataDecompressor.m in Sources */,
				783417C913DCB00F009DAEE8 /* ASIDataCompressor.m in Sources */,
				78D880B013EE3984009ACEB5 /* PSPDFStoreManager.m in Sources */,
				78D880B713EE399B009ACEB5 /* NSObject+AssociatedObjects.m in Sources */,
				78D880B813EE399B009ACEB5 /* NSObject+BlockObservation.m in Sources */,
			);
			runOnlyForDeploymentPostprocessing = 0;
		};
/* End PBXSourcesBuildPhase section */

/* Begin PBXVariantGroup section */
		78B6E3CB13DC607600948D43 /* Localizable.strings */ = {
			isa = PBXVariantGroup;
			children = (
				78B6E3CC13DC607600948D43 /* English */,
				78B6E3CD13DC607600948D43 /* German */,
			);
			name = Localizable.strings;
			sourceTree = "<group>";
		};
/* End PBXVariantGroup section */

/* Begin XCBuildConfiguration section */
		783C77BF13D982B100CF7C9D /* Debug */ = {
			isa = XCBuildConfiguration;
			buildSettings = {
				ALWAYS_SEARCH_USER_PATHS = YES;
				ARCHS = "$(ARCHS_STANDARD_32_BIT)";
				"CODE_SIGN_IDENTITY[sdk=iphoneos*]" = "iPhone Developer";
				COPY_PHASE_STRIP = NO;
				GCC_C_LANGUAGE_STANDARD = gnu99;
				GCC_DYNAMIC_NO_PIC = NO;
				GCC_OPTIMIZATION_LEVEL = 0;
				GCC_PREPROCESSOR_DEFINITIONS = (
					"DEBUG=1",
					"$(inherited)",
				);
				GCC_SYMBOLS_PRIVATE_EXTERN = NO;
				GCC_VERSION = com.apple.compilers.llvm.clang.1_0;
				GCC_WARN_ABOUT_MISSING_PROTOTYPES = YES;
				GCC_WARN_ABOUT_RETURN_TYPE = YES;
				GCC_WARN_UNUSED_VARIABLE = YES;
				IPHONEOS_DEPLOYMENT_TARGET = 4.0;
				OTHER_LDFLAGS = "-all_load";
				SDKROOT = iphoneos;
				TARGETED_DEVICE_FAMILY = "1,2";
			};
			name = Debug;
		};
		783C77C013D982B100CF7C9D /* Release */ = {
			isa = XCBuildConfiguration;
			buildSettings = {
				ALWAYS_SEARCH_USER_PATHS = YES;
				ARCHS = "$(ARCHS_STANDARD_32_BIT)";
				"CODE_SIGN_IDENTITY[sdk=iphoneos*]" = "iPhone Developer";
				COPY_PHASE_STRIP = YES;
				GCC_C_LANGUAGE_STANDARD = gnu99;
				GCC_VERSION = com.apple.compilers.llvm.clang.1_0;
				GCC_WARN_ABOUT_MISSING_PROTOTYPES = YES;
				GCC_WARN_ABOUT_RETURN_TYPE = YES;
				GCC_WARN_UNUSED_VARIABLE = YES;
				IPHONEOS_DEPLOYMENT_TARGET = 4.0;
				OTHER_CFLAGS = "-DNS_BLOCK_ASSERTIONS=1";
				OTHER_LDFLAGS = "-all_load";
				SDKROOT = iphoneos;
				TARGETED_DEVICE_FAMILY = "1,2";
				VALIDATE_PRODUCT = YES;
			};
			name = Release;
		};
		783C77C213D982B100CF7C9D /* Debug */ = {
			isa = XCBuildConfiguration;
			buildSettings = {
				FRAMEWORK_SEARCH_PATHS = (
					"$(inherited)",
					"\"$(SRCROOT)/PSPDFKitExample\"",
					"\"$(SRCROOT)/..\"",
				);
				GCC_PRECOMPILE_PREFIX_HEADER = YES;
				GCC_PREFIX_HEADER = "PSPDFKitExample/PSPDFKitExample-Prefix.pch";
				INFOPLIST_FILE = "PSPDFKitExample/PSPDFKitExample-Info.plist";
				PRODUCT_NAME = "$(TARGET_NAME)";
				WRAPPER_EXTENSION = app;
			};
			name = Debug;
		};
		783C77C313D982B100CF7C9D /* Release */ = {
			isa = XCBuildConfiguration;
			buildSettings = {
				FRAMEWORK_SEARCH_PATHS = (
					"$(inherited)",
					"\"$(SRCROOT)/PSPDFKitExample\"",
					"\"$(SRCROOT)/..\"",
				);
				GCC_PRECOMPILE_PREFIX_HEADER = YES;
				GCC_PREFIX_HEADER = "PSPDFKitExample/PSPDFKitExample-Prefix.pch";
				INFOPLIST_FILE = "PSPDFKitExample/PSPDFKitExample-Info.plist";
				PRODUCT_NAME = "$(TARGET_NAME)";
				WRAPPER_EXTENSION = app;
			};
			name = Release;
		};
/* End XCBuildConfiguration section */

/* Begin XCConfigurationList section */
		783C779A13D982B100CF7C9D /* Build configuration list for PBXProject "PSPDFKitExample" */ = {
			isa = XCConfigurationList;
			buildConfigurations = (
				783C77BF13D982B100CF7C9D /* Debug */,
				783C77C013D982B100CF7C9D /* Release */,
			);
			defaultConfigurationIsVisible = 0;
			defaultConfigurationName = Release;
		};
		783C77C113D982B100CF7C9D /* Build configuration list for PBXNativeTarget "PSPDFKitExample" */ = {
			isa = XCConfigurationList;
			buildConfigurations = (
				783C77C213D982B100CF7C9D /* Debug */,
				783C77C313D982B100CF7C9D /* Release */,
			);
			defaultConfigurationIsVisible = 0;
			defaultConfigurationName = Release;
		};
/* End XCConfigurationList section */
	};
	rootObject = 783C779713D982B100CF7C9D /* Project object */;
}
