// !$*UTF8*$!
{
	archiveVersion = 1;
	classes = {
	};
	objectVersion = 46;
	objects = {

/* Begin PBXBuildFile section */
		7808B4E513E6A7BA005380C8 /* Icon.png in Resources */ = {isa = PBXBuildFile; fileRef = 7808B4E413E6A7BA005380C8 /* Icon.png */; };
		7870243E1481C7C2005A7792 /* PSPDFKit.bundle in Resources */ = {isa = PBXBuildFile; fileRef = 7870243D1481C7C2005A7792 /* PSPDFKit.bundle */; };
		78727B83141EC2D300994946 /* MessageUI.framework in Frameworks */ = {isa = PBXBuildFile; fileRef = 78727B82141EC2D300994946 /* MessageUI.framework */; };
		78C22B091480374A0092B889 /* ImageIO.framework in Frameworks */ = {isa = PBXBuildFile; fileRef = 78C22B081480374A0092B889 /* ImageIO.framework */; };
		78C22B0C148037520092B889 /* libz.dylib in Frameworks */ = {isa = PBXBuildFile; fileRef = 78C22B0B148037520092B889 /* libz.dylib */; };
		78C22B0E1480375A0092B889 /* MediaPlayer.framework in Frameworks */ = {isa = PBXBuildFile; fileRef = 78C22B0D1480375A0092B889 /* MediaPlayer.framework */; };
		78DEFF9F13DECEAD005ABEFD /* PSPDFKit.framework in Frameworks */ = {isa = PBXBuildFile; fileRef = 78DEFF9E13DECEAD005ABEFD /* PSPDFKit.framework */; };
		78DEFFA213DECEB6005ABEFD /* Samples in Resources */ = {isa = PBXBuildFile; fileRef = 78DEFFA113DECEB6005ABEFD /* Samples */; };
		78DEFFA413DECEBF005ABEFD /* CoreText.framework in Frameworks */ = {isa = PBXBuildFile; fileRef = 78DEFFA313DECEBF005ABEFD /* CoreText.framework */; };
		78DEFFA613DECEC3005ABEFD /* QuartzCore.framework in Frameworks */ = {isa = PBXBuildFile; fileRef = 78DEFFA513DECEC3005ABEFD /* QuartzCore.framework */; };
		78E6A43E13DECE56006000BB /* UIKit.framework in Frameworks */ = {isa = PBXBuildFile; fileRef = 78E6A43D13DECE56006000BB /* UIKit.framework */; };
		78E6A44013DECE56006000BB /* Foundation.framework in Frameworks */ = {isa = PBXBuildFile; fileRef = 78E6A43F13DECE56006000BB /* Foundation.framework */; };
		78E6A44213DECE56006000BB /* CoreGraphics.framework in Frameworks */ = {isa = PBXBuildFile; fileRef = 78E6A44113DECE56006000BB /* CoreGraphics.framework */; };
		78E6A44813DECE56006000BB /* InfoPlist.strings in Resources */ = {isa = PBXBuildFile; fileRef = 78E6A44613DECE56006000BB /* InfoPlist.strings */; };
		78E6A44A13DECE56006000BB /* main.m in Sources */ = {isa = PBXBuildFile; fileRef = 78E6A44913DECE56006000BB /* main.m */; };
		78E6A44E13DECE56006000BB /* MinimalExampleAppDelegate.m in Sources */ = {isa = PBXBuildFile; fileRef = 78E6A44D13DECE56006000BB /* MinimalExampleAppDelegate.m */; };
/* End PBXBuildFile section */

/* Begin PBXFileReference section */
		7808B4E413E6A7BA005380C8 /* Icon.png */ = {isa = PBXFileReference; lastKnownFileType = image.png; path = Icon.png; sourceTree = "<group>"; };
		7870243D1481C7C2005A7792 /* PSPDFKit.bundle */ = {isa = PBXFileReference; lastKnownFileType = "wrapper.plug-in"; name = PSPDFKit.bundle; path = ../PSPDFKit.framework/Versions/A/Resources/PSPDFKit.bundle; sourceTree = "<group>"; };
		78727B82141EC2D300994946 /* MessageUI.framework */ = {isa = PBXFileReference; lastKnownFileType = wrapper.framework; name = MessageUI.framework; path = System/Library/Frameworks/MessageUI.framework; sourceTree = SDKROOT; };
		78C22B081480374A0092B889 /* ImageIO.framework */ = {isa = PBXFileReference; lastKnownFileType = wrapper.framework; name = ImageIO.framework; path = System/Library/Frameworks/ImageIO.framework; sourceTree = SDKROOT; };
		78C22B0B148037520092B889 /* libz.dylib */ = {isa = PBXFileReference; lastKnownFileType = "compiled.mach-o.dylib"; name = libz.dylib; path = usr/lib/libz.dylib; sourceTree = SDKROOT; };
		78C22B0D1480375A0092B889 /* MediaPlayer.framework */ = {isa = PBXFileReference; lastKnownFileType = wrapper.framework; name = MediaPlayer.framework; path = System/Library/Frameworks/MediaPlayer.framework; sourceTree = SDKROOT; };
		78DEFF9E13DECEAD005ABEFD /* PSPDFKit.framework */ = {isa = PBXFileReference; lastKnownFileType = wrapper.framework; name = PSPDFKit.framework; path = ../PSPDFKit.framework; sourceTree = "<group>"; };
		78DEFFA113DECEB6005ABEFD /* Samples */ = {isa = PBXFileReference; lastKnownFileType = folder; path = Samples; sourceTree = SOURCE_ROOT; };
		78DEFFA313DECEBF005ABEFD /* CoreText.framework */ = {isa = PBXFileReference; lastKnownFileType = wrapper.framework; name = CoreText.framework; path = System/Library/Frameworks/CoreText.framework; sourceTree = SDKROOT; };
		78DEFFA513DECEC3005ABEFD /* QuartzCore.framework */ = {isa = PBXFileReference; lastKnownFileType = wrapper.framework; name = QuartzCore.framework; path = System/Library/Frameworks/QuartzCore.framework; sourceTree = SDKROOT; };
		78E6A43913DECE56006000BB /* MinimalEx.app */ = {isa = PBXFileReference; explicitFileType = wrapper.application; includeInIndex = 0; path = MinimalEx.app; sourceTree = BUILT_PRODUCTS_DIR; };
		78E6A43D13DECE56006000BB /* UIKit.framework */ = {isa = PBXFileReference; lastKnownFileType = wrapper.framework; name = UIKit.framework; path = System/Library/Frameworks/UIKit.framework; sourceTree = SDKROOT; };
		78E6A43F13DECE56006000BB /* Foundation.framework */ = {isa = PBXFileReference; lastKnownFileType = wrapper.framework; name = Foundation.framework; path = System/Library/Frameworks/Foundation.framework; sourceTree = SDKROOT; };
		78E6A44113DECE56006000BB /* CoreGraphics.framework */ = {isa = PBXFileReference; lastKnownFileType = wrapper.framework; name = CoreGraphics.framework; path = System/Library/Frameworks/CoreGraphics.framework; sourceTree = SDKROOT; };
		78E6A44513DECE56006000BB /* MinimalExample-Info.plist */ = {isa = PBXFileReference; lastKnownFileType = text.plist.xml; path = "MinimalExample-Info.plist"; sourceTree = "<group>"; };
		78E6A44713DECE56006000BB /* en */ = {isa = PBXFileReference; lastKnownFileType = text.plist.strings; name = en; path = en.lproj/InfoPlist.strings; sourceTree = "<group>"; };
		78E6A44913DECE56006000BB /* main.m */ = {isa = PBXFileReference; lastKnownFileType = sourcecode.c.objc; path = main.m; sourceTree = "<group>"; };
		78E6A44B13DECE56006000BB /* MinimalExample-Prefix.pch */ = {isa = PBXFileReference; lastKnownFileType = sourcecode.c.h; path = "MinimalExample-Prefix.pch"; sourceTree = "<group>"; };
		78E6A44C13DECE56006000BB /* MinimalExampleAppDelegate.h */ = {isa = PBXFileReference; lastKnownFileType = sourcecode.c.h; path = MinimalExampleAppDelegate.h; sourceTree = "<group>"; };
		78E6A44D13DECE56006000BB /* MinimalExampleAppDelegate.m */ = {isa = PBXFileReference; lastKnownFileType = sourcecode.c.objc; path = MinimalExampleAppDelegate.m; sourceTree = "<group>"; };
/* End PBXFileReference section */

/* Begin PBXFrameworksBuildPhase section */
		78E6A43613DECE56006000BB /* Frameworks */ = {
			isa = PBXFrameworksBuildPhase;
			buildActionMask = 2147483647;
			files = (
				78C22B0E1480375A0092B889 /* MediaPlayer.framework in Frameworks */,
				78C22B0C148037520092B889 /* libz.dylib in Frameworks */,
				78C22B091480374A0092B889 /* ImageIO.framework in Frameworks */,
				78727B83141EC2D300994946 /* MessageUI.framework in Frameworks */,
				78DEFFA613DECEC3005ABEFD /* QuartzCore.framework in Frameworks */,
				78DEFFA413DECEBF005ABEFD /* CoreText.framework in Frameworks */,
				78E6A43E13DECE56006000BB /* UIKit.framework in Frameworks */,
				78E6A44013DECE56006000BB /* Foundation.framework in Frameworks */,
				78E6A44213DECE56006000BB /* CoreGraphics.framework in Frameworks */,
				78DEFF9F13DECEAD005ABEFD /* PSPDFKit.framework in Frameworks */,
			);
			runOnlyForDeploymentPostprocessing = 0;
		};
/* End PBXFrameworksBuildPhase section */

/* Begin PBXGroup section */
		78E6A42E13DECE56006000BB = {
			isa = PBXGroup;
			children = (
				78E6A44313DECE56006000BB /* MinimalExample */,
				78E6A43C13DECE56006000BB /* Frameworks */,
				78E6A43A13DECE56006000BB /* Products */,
			);
			sourceTree = "<group>";
		};
		78E6A43A13DECE56006000BB /* Products */ = {
			isa = PBXGroup;
			children = (
				78E6A43913DECE56006000BB /* MinimalEx.app */,
			);
			name = Products;
			sourceTree = "<group>";
		};
		78E6A43C13DECE56006000BB /* Frameworks */ = {
			isa = PBXGroup;
			children = (
				7870243D1481C7C2005A7792 /* PSPDFKit.bundle */,
				78DEFF9E13DECEAD005ABEFD /* PSPDFKit.framework */,
				78C22B0D1480375A0092B889 /* MediaPlayer.framework */,
				78C22B081480374A0092B889 /* ImageIO.framework */,
				78727B82141EC2D300994946 /* MessageUI.framework */,
				78DEFFA513DECEC3005ABEFD /* QuartzCore.framework */,
				78DEFFA313DECEBF005ABEFD /* CoreText.framework */,
				78E6A43D13DECE56006000BB /* UIKit.framework */,
				78E6A43F13DECE56006000BB /* Foundation.framework */,
				78E6A44113DECE56006000BB /* CoreGraphics.framework */,
				78C22B0B148037520092B889 /* libz.dylib */,
			);
			name = Frameworks;
			sourceTree = "<group>";
		};
		78E6A44313DECE56006000BB /* MinimalExample */ = {
			isa = PBXGroup;
			children = (
				78E6A44C13DECE56006000BB /* MinimalExampleAppDelegate.h */,
				78E6A44D13DECE56006000BB /* MinimalExampleAppDelegate.m */,
				78DEFFA113DECEB6005ABEFD /* Samples */,
				78E6A44413DECE56006000BB /* Supporting Files */,
			);
			path = MinimalExample;
			sourceTree = "<group>";
		};
		78E6A44413DECE56006000BB /* Supporting Files */ = {
			isa = PBXGroup;
			children = (
				7808B4E413E6A7BA005380C8 /* Icon.png */,
				78E6A44513DECE56006000BB /* MinimalExample-Info.plist */,
				78E6A44613DECE56006000BB /* InfoPlist.strings */,
				78E6A44913DECE56006000BB /* main.m */,
				78E6A44B13DECE56006000BB /* MinimalExample-Prefix.pch */,
			);
			name = "Supporting Files";
			sourceTree = "<group>";
		};
/* End PBXGroup section */

/* Begin PBXNativeTarget section */
		78E6A43813DECE56006000BB /* MinimalExample */ = {
			isa = PBXNativeTarget;
			buildConfigurationList = 78E6A45F13DECE56006000BB /* Build configuration list for PBXNativeTarget "MinimalExample" */;
			buildPhases = (
				78E6A43513DECE56006000BB /* Sources */,
				78E6A43613DECE56006000BB /* Frameworks */,
				78E6A43713DECE56006000BB /* Resources */,
			);
			buildRules = (
			);
			dependencies = (
			);
			name = MinimalExample;
			productName = MinimalExample;
			productReference = 78E6A43913DECE56006000BB /* MinimalEx.app */;
			productType = "com.apple.product-type.application";
		};
/* End PBXNativeTarget section */

/* Begin PBXProject section */
		78E6A43013DECE56006000BB /* Project object */ = {
			isa = PBXProject;
			attributes = {
				LastUpgradeCheck = 0420;
				ORGANIZATIONNAME = "Peter Steinberger";
			};
			buildConfigurationList = 78E6A43313DECE56006000BB /* Build configuration list for PBXProject "MinimalExample" */;
			compatibilityVersion = "Xcode 3.2";
			developmentRegion = English;
			hasScannedForEncodings = 0;
			knownRegions = (
				en,
				de,
			);
			mainGroup = 78E6A42E13DECE56006000BB;
			productRefGroup = 78E6A43A13DECE56006000BB /* Products */;
			projectDirPath = "";
			projectRoot = "";
			targets = (
				78E6A43813DECE56006000BB /* MinimalExample */,
			);
		};
/* End PBXProject section */

/* Begin PBXResourcesBuildPhase section */
		78E6A43713DECE56006000BB /* Resources */ = {
			isa = PBXResourcesBuildPhase;
			buildActionMask = 2147483647;
			files = (
				78E6A44813DECE56006000BB /* InfoPlist.strings in Resources */,
				78DEFFA213DECEB6005ABEFD /* Samples in Resources */,
				7808B4E513E6A7BA005380C8 /* Icon.png in Resources */,
				7870243E1481C7C2005A7792 /* PSPDFKit.bundle in Resources */,
			);
			runOnlyForDeploymentPostprocessing = 0;
		};
/* End PBXResourcesBuildPhase section */

/* Begin PBXSourcesBuildPhase section */
		78E6A43513DECE56006000BB /* Sources */ = {
			isa = PBXSourcesBuildPhase;
			buildActionMask = 2147483647;
			files = (
				78E6A44A13DECE56006000BB /* main.m in Sources */,
				78E6A44E13DECE56006000BB /* MinimalExampleAppDelegate.m in Sources */,
			);
			runOnlyForDeploymentPostprocessing = 0;
		};
/* End PBXSourcesBuildPhase section */

/* Begin PBXVariantGroup section */
		78E6A44613DECE56006000BB /* InfoPlist.strings */ = {
			isa = PBXVariantGroup;
			children = (
				78E6A44713DECE56006000BB /* en */,
			);
			name = InfoPlist.strings;
			sourceTree = "<group>";
		};
/* End PBXVariantGroup section */

/* Begin XCBuildConfiguration section */
		78E6A45D13DECE56006000BB /* Debug */ = {
			isa = XCBuildConfiguration;
			buildSettings = {
				ALWAYS_SEARCH_USER_PATHS = NO;
				ARCHS = "$(ARCHS_STANDARD_32_BIT)";
				"CODE_SIGN_IDENTITY[sdk=iphoneos*]" = "iPhone Developer";
				COPY_PHASE_STRIP = NO;
				GCC_C_LANGUAGE_STANDARD = gnu99;
				GCC_DYNAMIC_NO_PIC = NO;
				GCC_OPTIMIZATION_LEVEL = 0;
				GCC_PREPROCESSOR_DEFINITIONS = (
					"DEBUG=1",
					"$(inherited)",
				);
				GCC_SYMBOLS_PRIVATE_EXTERN = NO;
				GCC_VERSION = com.apple.compilers.llvm.clang.1_0;
				GCC_WARN_ABOUT_MISSING_PROTOTYPES = YES;
				GCC_WARN_ABOUT_RETURN_TYPE = YES;
				GCC_WARN_UNUSED_VARIABLE = YES;
				IPHONEOS_DEPLOYMENT_TARGET = 4.0;
				OTHER_LDFLAGS = "-ObjC";
				SDKROOT = iphoneos;
				TARGETED_DEVICE_FAMILY = "1,2";
			};
			name = Debug;
		};
		78E6A45E13DECE56006000BB /* Release */ = {
			isa = XCBuildConfiguration;
			buildSettings = {
				ALWAYS_SEARCH_USER_PATHS = NO;
				ARCHS = "$(ARCHS_STANDARD_32_BIT)";
				"CODE_SIGN_IDENTITY[sdk=iphoneos*]" = "iPhone Developer";
				COPY_PHASE_STRIP = YES;
				GCC_C_LANGUAGE_STANDARD = gnu99;
				GCC_VERSION = com.apple.compilers.llvm.clang.1_0;
				GCC_WARN_ABOUT_MISSING_PROTOTYPES = YES;
				GCC_WARN_ABOUT_RETURN_TYPE = YES;
				GCC_WARN_UNUSED_VARIABLE = YES;
				IPHONEOS_DEPLOYMENT_TARGET = 4.0;
				OTHER_CFLAGS = "-DNS_BLOCK_ASSERTIONS=1";
				OTHER_LDFLAGS = "-ObjC";
				SDKROOT = iphoneos;
				TARGETED_DEVICE_FAMILY = "1,2";
				VALIDATE_PRODUCT = YES;
			};
			name = Release;
		};
		78E6A46013DECE56006000BB /* Debug */ = {
			isa = XCBuildConfiguration;
			buildSettings = {
				FRAMEWORK_SEARCH_PATHS = (
					"$(inherited)",
					"\"$(SRCROOT)/..\"",
				);
				GCC_PRECOMPILE_PREFIX_HEADER = YES;
				GCC_PREFIX_HEADER = "MinimalExample/MinimalExample-Prefix.pch";
				INFOPLIST_FILE = "MinimalExample/MinimalExample-Info.plist";
				PRODUCT_NAME = MinimalEx;
				WRAPPER_EXTENSION = app;
			};
			name = Debug;
		};
		78E6A46113DECE56006000BB /* Release */ = {
			isa = XCBuildConfiguration;
			buildSettings = {
				FRAMEWORK_SEARCH_PATHS = (
					"$(inherited)",
					"\"$(SRCROOT)/..\"",
				);
				GCC_PRECOMPILE_PREFIX_HEADER = YES;
				GCC_PREFIX_HEADER = "MinimalExample/MinimalExample-Prefix.pch";
				INFOPLIST_FILE = "MinimalExample/MinimalExample-Info.plist";
				PRODUCT_NAME = MinimalEx;
				WRAPPER_EXTENSION = app;
			};
			name = Release;
		};
/* End XCBuildConfiguration section */

/* Begin XCConfigurationList section */
		78E6A43313DECE56006000BB /* Build configuration list for PBXProject "MinimalExample" */ = {
			isa = XCConfigurationList;
			buildConfigurations = (
				78E6A45D13DECE56006000BB /* Debug */,
				78E6A45E13DECE56006000BB /* Release */,
			);
			defaultConfigurationIsVisible = 0;
			defaultConfigurationName = Release;
		};
		78E6A45F13DECE56006000BB /* Build configuration list for PBXNativeTarget "MinimalExample" */ = {
			isa = XCConfigurationList;
			buildConfigurations = (
				78E6A46013DECE56006000BB /* Debug */,
				78E6A46113DECE56006000BB /* Release */,
			);
			defaultConfigurationIsVisible = 0;
			defaultConfigurationName = Release;
		};
/* End XCConfigurationList section */
	};
	rootObject = 78E6A43013DECE56006000BB /* Project object */;
}
