// !$*UTF8*$!
{
	archiveVersion = 1;
	classes = {
	};
	objectVersion = 46;
	objects = {

/* Begin PBXBuildFile section */
		7840C9461402B7E9008F3AC7 /* SplitTableViewController.m in Sources */ = {isa = PBXBuildFile; fileRef = 7840C9451402B7E9008F3AC7 /* SplitTableViewController.m */; };
		7840C9491402B800008F3AC7 /* SplitMasterViewController.m in Sources */ = {isa = PBXBuildFile; fileRef = 7840C9481402B800008F3AC7 /* SplitMasterViewController.m */; };
		78727B8F141EC33100994946 /* Icon.png in Resources */ = {isa = PBXBuildFile; fileRef = 78727B8E141EC33100994946 /* Icon.png */; };
		78836E6D13EAD25B0043F631 /* UIKit.framework in Frameworks */ = {isa = PBXBuildFile; fileRef = 78836E6C13EAD25B0043F631 /* UIKit.framework */; settings = {ATTRIBUTES = (Weak, ); }; };
		78836E6F13EAD25B0043F631 /* Foundation.framework in Frameworks */ = {isa = PBXBuildFile; fileRef = 78836E6E13EAD25B0043F631 /* Foundation.framework */; };
		78836E7913EAD25B0043F631 /* main.m in Sources */ = {isa = PBXBuildFile; fileRef = 78836E7813EAD25B0043F631 /* main.m */; };
		78836E8013EAD25B0043F631 /* MainWindow.xib in Resources */ = {isa = PBXBuildFile; fileRef = 78836E7E13EAD25B0043F631 /* MainWindow.xib */; };
		78836E8913EAD25B0043F631 /* FirstView.xib in Resources */ = {isa = PBXBuildFile; fileRef = 78836E8713EAD25B0043F631 /* FirstView.xib */; };
		78836E9E13EAD2FF0043F631 /* Samples in Resources */ = {isa = PBXBuildFile; fileRef = 78836E9D13EAD2FF0043F631 /* Samples */; };
		788BEEB514842699005670BD /* PSPDFAnnotationTestController.m in Sources */ = {isa = PBXBuildFile; fileRef = 788BEEB014842699005670BD /* PSPDFAnnotationTestController.m */; };
		788BEEB614842699005670BD /* PSPDFCustomToolbarController.m in Sources */ = {isa = PBXBuildFile; fileRef = 788BEEB214842699005670BD /* PSPDFCustomToolbarController.m */; };
		788BEEB714842699005670BD /* PSPDFEmbeddedTestController.m in Sources */ = {isa = PBXBuildFile; fileRef = 788BEEB414842699005670BD /* PSPDFEmbeddedTestController.m */; };
		78AA95D8147C1350008E1DE4 /* AppDelegate.m in Sources */ = {isa = PBXBuildFile; fileRef = 78AA95D7147C1350008E1DE4 /* AppDelegate.m */; };
		78AB1CE414085D820056E688 /* IntelligentSplitViewController.m in Sources */ = {isa = PBXBuildFile; fileRef = 78AB1CE314085D820056E688 /* IntelligentSplitViewController.m */; };
		78BE31EA15B8DEB500FBB125 /* PSPDFKit.framework in Frameworks */ = {isa = PBXBuildFile; fileRef = 78BE31E415B8DEB500FBB125 /* PSPDFKit.framework */; };
		78BE31EB15B8DEB500FBB125 /* ACKNOWLEDGEMENTS in Resources */ = {isa = PBXBuildFile; fileRef = 78BE31E615B8DEB500FBB125 /* ACKNOWLEDGEMENTS */; };
		78BE31EC15B8DEB500FBB125 /* LICENSE in Resources */ = {isa = PBXBuildFile; fileRef = 78BE31E715B8DEB500FBB125 /* LICENSE */; };
		78BE31ED15B8DEB500FBB125 /* PSPDFKit.bundle in Resources */ = {isa = PBXBuildFile; fileRef = 78BE31E815B8DEB500FBB125 /* PSPDFKit.bundle */; };
		78BE31EE15B8DEB500FBB125 /* PSPDFKit.xcconfig in Resources */ = {isa = PBXBuildFile; fileRef = 78BE31E915B8DEB500FBB125 /* PSPDFKit.xcconfig */; };
		78BE324D15B8E2F600FBB125 /* MapKit.framework in Frameworks */ = {isa = PBXBuildFile; fileRef = 78BE324C15B8E2F600FBB125 /* MapKit.framework */; };
		78BE324F15B8E30F00FBB125 /* CoreLocation.framework in Frameworks */ = {isa = PBXBuildFile; fileRef = 78BE324E15B8E30F00FBB125 /* CoreLocation.framework */; };
		78BF753C141D37D300FF02DF /* 10-medical.png in Resources */ = {isa = PBXBuildFile; fileRef = 78BF7533141D37D300FF02DF /* 10-medical.png */; };
		78BF753D141D37D300FF02DF /* 10-medical@2x.png in Resources */ = {isa = PBXBuildFile; fileRef = 78BF7534141D37D300FF02DF /* 10-medical@2x.png */; };
		78BF753E141D37D300FF02DF /* 114-balloon.png in Resources */ = {isa = PBXBuildFile; fileRef = 78BF7535141D37D300FF02DF /* 114-balloon.png */; };
		78BF753F141D37D300FF02DF /* 114-balloon@2x.png in Resources */ = {isa = PBXBuildFile; fileRef = 78BF7536141D37D300FF02DF /* 114-balloon@2x.png */; };
		78BF7540141D37D300FF02DF /* 44-shoebox.png in Resources */ = {isa = PBXBuildFile; fileRef = 78BF7537141D37D300FF02DF /* 44-shoebox.png */; };
		78BF7541141D37D300FF02DF /* 44-shoebox@2x.png in Resources */ = {isa = PBXBuildFile; fileRef = 78BF7538141D37D300FF02DF /* 44-shoebox@2x.png */; };
		78BF7542141D37D300FF02DF /* 45-movie-1.png in Resources */ = {isa = PBXBuildFile; fileRef = 78BF7539141D37D300FF02DF /* 45-movie-1.png */; };
		78BF7543141D37D300FF02DF /* 45-movie-1@2x.png in Resources */ = {isa = PBXBuildFile; fileRef = 78BF753A141D37D300FF02DF /* 45-movie-1@2x.png */; };
		78BF7544141D37D300FF02DF /* star.png in Resources */ = {isa = PBXBuildFile; fileRef = 78BF753B141D37D300FF02DF /* star.png */; };
		78D5959D158EB4F100E09388 /* PSPDFLegacyEmbeddedViewController.m in Sources */ = {isa = PBXBuildFile; fileRef = 78D5959B158EB4F100E09388 /* PSPDFLegacyEmbeddedViewController.m */; };
		DA5F61EF156D20EF00B11285 /* PSPDFPlayButtonItem.m in Sources */ = {isa = PBXBuildFile; fileRef = DA5F61EE156D20EF00B11285 /* PSPDFPlayButtonItem.m */; };
/* End PBXBuildFile section */

/* Begin PBXFileReference section */
		7840C9441402B7E9008F3AC7 /* SplitTableViewController.h */ = {isa = PBXFileReference; fileEncoding = 4; lastKnownFileType = sourcecode.c.h; path = SplitTableViewController.h; sourceTree = "<group>"; };
		7840C9451402B7E9008F3AC7 /* SplitTableViewController.m */ = {isa = PBXFileReference; fileEncoding = 4; lastKnownFileType = sourcecode.c.objc; path = SplitTableViewController.m; sourceTree = "<group>"; };
		7840C9471402B800008F3AC7 /* SplitMasterViewController.h */ = {isa = PBXFileReference; fileEncoding = 4; lastKnownFileType = sourcecode.c.h; path = SplitMasterViewController.h; sourceTree = "<group>"; };
		7840C9481402B800008F3AC7 /* SplitMasterViewController.m */ = {isa = PBXFileReference; fileEncoding = 4; lastKnownFileType = sourcecode.c.objc; path = SplitMasterViewController.m; sourceTree = "<group>"; };
		78727B8E141EC33100994946 /* Icon.png */ = {isa = PBXFileReference; lastKnownFileType = image.png; name = Icon.png; path = PSPDFKitExample/Resources/Icon.png; sourceTree = SOURCE_ROOT; };
		78836E6813EAD25B0043F631 /* EmbeddedEx.app */ = {isa = PBXFileReference; explicitFileType = wrapper.application; includeInIndex = 0; path = EmbeddedEx.app; sourceTree = BUILT_PRODUCTS_DIR; };
		78836E6C13EAD25B0043F631 /* UIKit.framework */ = {isa = PBXFileReference; lastKnownFileType = wrapper.framework; name = UIKit.framework; path = System/Library/Frameworks/UIKit.framework; sourceTree = SDKROOT; };
		78836E6E13EAD25B0043F631 /* Foundation.framework */ = {isa = PBXFileReference; lastKnownFileType = wrapper.framework; name = Foundation.framework; path = System/Library/Frameworks/Foundation.framework; sourceTree = SDKROOT; };
		78836E7413EAD25B0043F631 /* EmbeddedExample-Info.plist */ = {isa = PBXFileReference; lastKnownFileType = text.plist.xml; path = "EmbeddedExample-Info.plist"; sourceTree = "<group>"; };
		78836E7813EAD25B0043F631 /* main.m */ = {isa = PBXFileReference; lastKnownFileType = sourcecode.c.objc; path = main.m; sourceTree = "<group>"; };
		78836E7A13EAD25B0043F631 /* EmbeddedExample-Prefix.pch */ = {isa = PBXFileReference; lastKnownFileType = sourcecode.c.h; path = "EmbeddedExample-Prefix.pch"; sourceTree = "<group>"; };
		78836E7F13EAD25B0043F631 /* en */ = {isa = PBXFileReference; lastKnownFileType = file.xib; name = en; path = en.lproj/MainWindow.xib; sourceTree = "<group>"; };
		78836E8813EAD25B0043F631 /* en */ = {isa = PBXFileReference; lastKnownFileType = file.xib; name = en; path = en.lproj/FirstView.xib; sourceTree = "<group>"; };
		78836E9D13EAD2FF0043F631 /* Samples */ = {isa = PBXFileReference; lastKnownFileType = folder; path = Samples; sourceTree = SOURCE_ROOT; };
		788BEEAF14842699005670BD /* PSPDFAnnotationTestController.h */ = {isa = PBXFileReference; fileEncoding = 4; lastKnownFileType = sourcecode.c.h; path = PSPDFAnnotationTestController.h; sourceTree = "<group>"; };
		788BEEB014842699005670BD /* PSPDFAnnotationTestController.m */ = {isa = PBXFileReference; fileEncoding = 4; lastKnownFileType = sourcecode.c.objc; path = PSPDFAnnotationTestController.m; sourceTree = "<group>"; };
		788BEEB114842699005670BD /* PSPDFCustomToolbarController.h */ = {isa = PBXFileReference; fileEncoding = 4; lastKnownFileType = sourcecode.c.h; path = PSPDFCustomToolbarController.h; sourceTree = "<group>"; };
		788BEEB214842699005670BD /* PSPDFCustomToolbarController.m */ = {isa = PBXFileReference; fileEncoding = 4; lastKnownFileType = sourcecode.c.objc; path = PSPDFCustomToolbarController.m; sourceTree = "<group>"; };
		788BEEB314842699005670BD /* PSPDFEmbeddedTestController.h */ = {isa = PBXFileReference; fileEncoding = 4; lastKnownFileType = sourcecode.c.h; path = PSPDFEmbeddedTestController.h; sourceTree = "<group>"; };
		788BEEB414842699005670BD /* PSPDFEmbeddedTestController.m */ = {isa = PBXFileReference; fileEncoding = 4; lastKnownFileType = sourcecode.c.objc; path = PSPDFEmbeddedTestController.m; sourceTree = "<group>"; };
		78AA95D6147C1350008E1DE4 /* AppDelegate.h */ = {isa = PBXFileReference; fileEncoding = 4; lastKnownFileType = sourcecode.c.h; path = AppDelegate.h; sourceTree = "<group>"; };
		78AA95D7147C1350008E1DE4 /* AppDelegate.m */ = {isa = PBXFileReference; fileEncoding = 4; lastKnownFileType = sourcecode.c.objc; path = AppDelegate.m; sourceTree = "<group>"; };
		78AB1CE214085D820056E688 /* IntelligentSplitViewController.h */ = {isa = PBXFileReference; fileEncoding = 4; lastKnownFileType = sourcecode.c.h; name = IntelligentSplitViewController.h; path = EmbeddedExample/IntelligentSplitViewController.h; sourceTree = SOURCE_ROOT; };
		78AB1CE314085D820056E688 /* IntelligentSplitViewController.m */ = {isa = PBXFileReference; fileEncoding = 4; lastKnownFileType = sourcecode.c.objc; name = IntelligentSplitViewController.m; path = EmbeddedExample/IntelligentSplitViewController.m; sourceTree = SOURCE_ROOT; };
		78BE31E415B8DEB500FBB125 /* PSPDFKit.framework */ = {isa = PBXFileReference; lastKnownFileType = wrapper.framework; path = PSPDFKit.framework; sourceTree = "<group>"; };
		78BE31E615B8DEB500FBB125 /* ACKNOWLEDGEMENTS */ = {isa = PBXFileReference; fileEncoding = 4; lastKnownFileType = text; path = ACKNOWLEDGEMENTS; sourceTree = "<group>"; };
		78BE31E715B8DEB500FBB125 /* LICENSE */ = {isa = PBXFileReference; fileEncoding = 4; lastKnownFileType = text; path = LICENSE; sourceTree = "<group>"; };
		78BE31E815B8DEB500FBB125 /* PSPDFKit.bundle */ = {isa = PBXFileReference; lastKnownFileType = "wrapper.plug-in"; path = PSPDFKit.bundle; sourceTree = "<group>"; };
		78BE31E915B8DEB500FBB125 /* PSPDFKit.xcconfig */ = {isa = PBXFileReference; fileEncoding = 4; lastKnownFileType = text.xcconfig; path = PSPDFKit.xcconfig; sourceTree = "<group>"; };
		78BE324C15B8E2F600FBB125 /* MapKit.framework */ = {isa = PBXFileReference; lastKnownFileType = wrapper.framework; name = MapKit.framework; path = System/Library/Frameworks/MapKit.framework; sourceTree = SDKROOT; };
		78BE324E15B8E30F00FBB125 /* CoreLocation.framework */ = {isa = PBXFileReference; lastKnownFileType = wrapper.framework; name = CoreLocation.framework; path = System/Library/Frameworks/CoreLocation.framework; sourceTree = SDKROOT; };
		78BF7533141D37D300FF02DF /* 10-medical.png */ = {isa = PBXFileReference; lastKnownFileType = image.png; path = "10-medical.png"; sourceTree = "<group>"; };
		78BF7534141D37D300FF02DF /* 10-medical@2x.png */ = {isa = PBXFileReference; lastKnownFileType = image.png; path = "10-medical@2x.png"; sourceTree = "<group>"; };
		78BF7535141D37D300FF02DF /* 114-balloon.png */ = {isa = PBXFileReference; lastKnownFileType = image.png; path = "114-balloon.png"; sourceTree = "<group>"; };
		78BF7536141D37D300FF02DF /* 114-balloon@2x.png */ = {isa = PBXFileReference; lastKnownFileType = image.png; path = "114-balloon@2x.png"; sourceTree = "<group>"; };
		78BF7537141D37D300FF02DF /* 44-shoebox.png */ = {isa = PBXFileReference; lastKnownFileType = image.png; path = "44-shoebox.png"; sourceTree = "<group>"; };
		78BF7538141D37D300FF02DF /* 44-shoebox@2x.png */ = {isa = PBXFileReference; lastKnownFileType = image.png; path = "44-shoebox@2x.png"; sourceTree = "<group>"; };
		78BF7539141D37D300FF02DF /* 45-movie-1.png */ = {isa = PBXFileReference; lastKnownFileType = image.png; path = "45-movie-1.png"; sourceTree = "<group>"; };
		78BF753A141D37D300FF02DF /* 45-movie-1@2x.png */ = {isa = PBXFileReference; lastKnownFileType = image.png; path = "45-movie-1@2x.png"; sourceTree = "<group>"; };
		78BF753B141D37D300FF02DF /* star.png */ = {isa = PBXFileReference; lastKnownFileType = image.png; path = star.png; sourceTree = "<group>"; };
		78D5959B158EB4F100E09388 /* PSPDFLegacyEmbeddedViewController.m */ = {isa = PBXFileReference; fileEncoding = 4; lastKnownFileType = sourcecode.c.objc; path = PSPDFLegacyEmbeddedViewController.m; sourceTree = "<group>"; };
		78D5959C158EB4F100E09388 /* PSPDFLegacyEmbeddedViewController.h */ = {isa = PBXFileReference; fileEncoding = 4; lastKnownFileType = sourcecode.c.h; path = PSPDFLegacyEmbeddedViewController.h; sourceTree = "<group>"; };
		DA5F61ED156D20EF00B11285 /* PSPDFPlayButtonItem.h */ = {isa = PBXFileReference; fileEncoding = 4; lastKnownFileType = sourcecode.c.h; path = PSPDFPlayButtonItem.h; sourceTree = "<group>"; };
		DA5F61EE156D20EF00B11285 /* PSPDFPlayButtonItem.m */ = {isa = PBXFileReference; fileEncoding = 4; lastKnownFileType = sourcecode.c.objc; path = PSPDFPlayButtonItem.m; sourceTree = "<group>"; };
/* End PBXFileReference section */

/* Begin PBXFrameworksBuildPhase section */
		78836E6513EAD25B0043F631 /* Frameworks */ = {
			isa = PBXFrameworksBuildPhase;
			buildActionMask = 2147483647;
			files = (
				78BE324F15B8E30F00FBB125 /* CoreLocation.framework in Frameworks */,
				78BE324D15B8E2F600FBB125 /* MapKit.framework in Frameworks */,
				78836E6D13EAD25B0043F631 /* UIKit.framework in Frameworks */,
				78836E6F13EAD25B0043F631 /* Foundation.framework in Frameworks */,
				78BE31EA15B8DEB500FBB125 /* PSPDFKit.framework in Frameworks */,
			);
			runOnlyForDeploymentPostprocessing = 0;
		};
/* End PBXFrameworksBuildPhase section */

/* Begin PBXGroup section */
		7840C9431402B7CF008F3AC7 /* Tab 3 (SplitView) */ = {
			isa = PBXGroup;
			children = (
				78AB1CE214085D820056E688 /* IntelligentSplitViewController.h */,
				78AB1CE314085D820056E688 /* IntelligentSplitViewController.m */,
				7840C9441402B7E9008F3AC7 /* SplitTableViewController.h */,
				7840C9451402B7E9008F3AC7 /* SplitTableViewController.m */,
				7840C9471402B800008F3AC7 /* SplitMasterViewController.h */,
				7840C9481402B800008F3AC7 /* SplitMasterViewController.m */,
			);
			name = "Tab 3 (SplitView)";
			sourceTree = "<group>";
		};
		78836E5D13EAD25B0043F631 = {
			isa = PBXGroup;
			children = (
				78836E7213EAD25B0043F631 /* EmbeddedExample */,
				78836E6B13EAD25B0043F631 /* Frameworks */,
				78836E6913EAD25B0043F631 /* Products */,
			);
			sourceTree = "<group>";
		};
		78836E6913EAD25B0043F631 /* Products */ = {
			isa = PBXGroup;
			children = (
				78836E6813EAD25B0043F631 /* EmbeddedEx.app */,
			);
			name = Products;
			sourceTree = "<group>";
		};
		78836E6B13EAD25B0043F631 /* Frameworks */ = {
			isa = PBXGroup;
			children = (
				78BE31E315B8DEB500FBB125 /* PSPDFKit.embeddedframework */,
				78EA40F9156D59690077B255 /* System */,
			);
			name = Frameworks;
			sourceTree = "<group>";
		};
		78836E7213EAD25B0043F631 /* EmbeddedExample */ = {
			isa = PBXGroup;
			children = (
				78EA40F5156D59120077B255 /* Tab1 (Embedded Controller) */,
				78EA40F7156D591E0077B255 /* Tab 2 (Custom Toolbar) */,
				7840C9431402B7CF008F3AC7 /* Tab 3 (SplitView) */,
				78EA40F8156D59310077B255 /* Tab 4 (Annotations, Autoplay) */,
				78AA95D6147C1350008E1DE4 /* AppDelegate.h */,
				78AA95D7147C1350008E1DE4 /* AppDelegate.m */,
				78836E7E13EAD25B0043F631 /* MainWindow.xib */,
				78836E8713EAD25B0043F631 /* FirstView.xib */,
				78836E9D13EAD2FF0043F631 /* Samples */,
				78BF7532141D37D300FF02DF /* Resources */,
				78836E7313EAD25B0043F631 /* Supporting Files */,
			);
			path = EmbeddedExample;
			sourceTree = "<group>";
		};
		78836E7313EAD25B0043F631 /* Supporting Files */ = {
			isa = PBXGroup;
			children = (
				78836E7413EAD25B0043F631 /* EmbeddedExample-Info.plist */,
				78836E7813EAD25B0043F631 /* main.m */,
				78836E7A13EAD25B0043F631 /* EmbeddedExample-Prefix.pch */,
			);
			name = "Supporting Files";
			sourceTree = "<group>";
		};
		78BE31E315B8DEB500FBB125 /* PSPDFKit.embeddedframework */ = {
			isa = PBXGroup;
			children = (
				78BE31E415B8DEB500FBB125 /* PSPDFKit.framework */,
				78BE31E515B8DEB500FBB125 /* Resources */,
			);
			name = PSPDFKit.embeddedframework;
			path = ../PSPDFKit.embeddedframework;
			sourceTree = "<group>";
		};
		78BE31E515B8DEB500FBB125 /* Resources */ = {
			isa = PBXGroup;
			children = (
				78BE31E615B8DEB500FBB125 /* ACKNOWLEDGEMENTS */,
				78BE31E715B8DEB500FBB125 /* LICENSE */,
				78BE31E815B8DEB500FBB125 /* PSPDFKit.bundle */,
				78BE31E915B8DEB500FBB125 /* PSPDFKit.xcconfig */,
			);
			path = Resources;
			sourceTree = "<group>";
		};
		78BF7532141D37D300FF02DF /* Resources */ = {
			isa = PBXGroup;
			children = (
				78BF7533141D37D300FF02DF /* 10-medical.png */,
				78BF7534141D37D300FF02DF /* 10-medical@2x.png */,
				78BF7535141D37D300FF02DF /* 114-balloon.png */,
				78BF7536141D37D300FF02DF /* 114-balloon@2x.png */,
				78BF7537141D37D300FF02DF /* 44-shoebox.png */,
				78BF7538141D37D300FF02DF /* 44-shoebox@2x.png */,
				78BF7539141D37D300FF02DF /* 45-movie-1.png */,
				78BF753A141D37D300FF02DF /* 45-movie-1@2x.png */,
				78BF753B141D37D300FF02DF /* star.png */,
				78727B8E141EC33100994946 /* Icon.png */,
			);
			path = Resources;
			sourceTree = "<group>";
		};
		78EA40F5156D59120077B255 /* Tab1 (Embedded Controller) */ = {
			isa = PBXGroup;
			children = (
				788BEEB314842699005670BD /* PSPDFEmbeddedTestController.h */,
				788BEEB414842699005670BD /* PSPDFEmbeddedTestController.m */,
				78D5959B158EB4F100E09388 /* PSPDFLegacyEmbeddedViewController.m */,
				78D5959C158EB4F100E09388 /* PSPDFLegacyEmbeddedViewController.h */,
			);
			name = "Tab1 (Embedded Controller)";
			sourceTree = "<group>";
		};
		78EA40F7156D591E0077B255 /* Tab 2 (Custom Toolbar) */ = {
			isa = PBXGroup;
			children = (
				788BEEB114842699005670BD /* PSPDFCustomToolbarController.h */,
				788BEEB214842699005670BD /* PSPDFCustomToolbarController.m */,
			);
			name = "Tab 2 (Custom Toolbar)";
			sourceTree = "<group>";
		};
		78EA40F8156D59310077B255 /* Tab 4 (Annotations, Autoplay) */ = {
			isa = PBXGroup;
			children = (
				788BEEAF14842699005670BD /* PSPDFAnnotationTestController.h */,
				788BEEB014842699005670BD /* PSPDFAnnotationTestController.m */,
				DA5F61ED156D20EF00B11285 /* PSPDFPlayButtonItem.h */,
				DA5F61EE156D20EF00B11285 /* PSPDFPlayButtonItem.m */,
			);
			name = "Tab 4 (Annotations, Autoplay)";
			sourceTree = "<group>";
		};
		78EA40F9156D59690077B255 /* System */ = {
			isa = PBXGroup;
			children = (
				78BE324E15B8E30F00FBB125 /* CoreLocation.framework */,
				78BE324C15B8E2F600FBB125 /* MapKit.framework */,
				78836E6C13EAD25B0043F631 /* UIKit.framework */,
				78836E6E13EAD25B0043F631 /* Foundation.framework */,
			);
			name = System;
			sourceTree = "<group>";
		};
/* End PBXGroup section */

/* Begin PBXNativeTarget section */
		78836E6713EAD25B0043F631 /* EmbeddedEx */ = {
			isa = PBXNativeTarget;
			buildConfigurationList = 78836E8F13EAD25B0043F631 /* Build configuration list for PBXNativeTarget "EmbeddedEx" */;
			buildPhases = (
				78836E6413EAD25B0043F631 /* Sources */,
				78836E6513EAD25B0043F631 /* Frameworks */,
				78836E6613EAD25B0043F631 /* Resources */,
			);
			buildRules = (
			);
			dependencies = (
			);
			name = EmbeddedEx;
			productName = EmbeddedExample;
			productReference = 78836E6813EAD25B0043F631 /* EmbeddedEx.app */;
			productType = "com.apple.product-type.application";
		};
/* End PBXNativeTarget section */

/* Begin PBXProject section */
		78836E5F13EAD25B0043F631 /* Project object */ = {
			isa = PBXProject;
			attributes = {
				LastUpgradeCheck = 0450;
				ORGANIZATIONNAME = "Peter Steinberger";
			};
			buildConfigurationList = 78836E6213EAD25B0043F631 /* Build configuration list for PBXProject "EmbeddedExample" */;
			compatibilityVersion = "Xcode 3.2";
			developmentRegion = English;
			hasScannedForEncodings = 0;
			knownRegions = (
				en,
				de,
			);
			mainGroup = 78836E5D13EAD25B0043F631;
			productRefGroup = 78836E6913EAD25B0043F631 /* Products */;
			projectDirPath = "";
			projectRoot = "";
			targets = (
				78836E6713EAD25B0043F631 /* EmbeddedEx */,
			);
		};
/* End PBXProject section */

/* Begin PBXResourcesBuildPhase section */
		78836E6613EAD25B0043F631 /* Resources */ = {
			isa = PBXResourcesBuildPhase;
			buildActionMask = 2147483647;
			files = (
				78836E8013EAD25B0043F631 /* MainWindow.xib in Resources */,
				78836E8913EAD25B0043F631 /* FirstView.xib in Resources */,
				78836E9E13EAD2FF0043F631 /* Samples in Resources */,
				78BF753C141D37D300FF02DF /* 10-medical.png in Resources */,
				78BF753D141D37D300FF02DF /* 10-medical@2x.png in Resources */,
				78BF753E141D37D300FF02DF /* 114-balloon.png in Resources */,
				78BF753F141D37D300FF02DF /* 114-balloon@2x.png in Resources */,
				78BF7540141D37D300FF02DF /* 44-shoebox.png in Resources */,
				78BF7541141D37D300FF02DF /* 44-shoebox@2x.png in Resources */,
				78BF7542141D37D300FF02DF /* 45-movie-1.png in Resources */,
				78BF7543141D37D300FF02DF /* 45-movie-1@2x.png in Resources */,
				78BF7544141D37D300FF02DF /* star.png in Resources */,
				78727B8F141EC33100994946 /* Icon.png in Resources */,
				78BE31EB15B8DEB500FBB125 /* ACKNOWLEDGEMENTS in Resources */,
				78BE31EC15B8DEB500FBB125 /* LICENSE in Resources */,
				78BE31ED15B8DEB500FBB125 /* PSPDFKit.bundle in Resources */,
				78BE31EE15B8DEB500FBB125 /* PSPDFKit.xcconfig in Resources */,
			);
			runOnlyForDeploymentPostprocessing = 0;
		};
/* End PBXResourcesBuildPhase section */

/* Begin PBXSourcesBuildPhase section */
		78836E6413EAD25B0043F631 /* Sources */ = {
			isa = PBXSourcesBuildPhase;
			buildActionMask = 2147483647;
			files = (
				78836E7913EAD25B0043F631 /* main.m in Sources */,
				7840C9461402B7E9008F3AC7 /* SplitTableViewController.m in Sources */,
				7840C9491402B800008F3AC7 /* SplitMasterViewController.m in Sources */,
				78AB1CE414085D820056E688 /* IntelligentSplitViewController.m in Sources */,
				78AA95D8147C1350008E1DE4 /* AppDelegate.m in Sources */,
				788BEEB514842699005670BD /* PSPDFAnnotationTestController.m in Sources */,
				788BEEB614842699005670BD /* PSPDFCustomToolbarController.m in Sources */,
				788BEEB714842699005670BD /* PSPDFEmbeddedTestController.m in Sources */,
				DA5F61EF156D20EF00B11285 /* PSPDFPlayButtonItem.m in Sources */,
				78D5959D158EB4F100E09388 /* PSPDFLegacyEmbeddedViewController.m in Sources */,
			);
			runOnlyForDeploymentPostprocessing = 0;
		};
/* End PBXSourcesBuildPhase section */

/* Begin PBXVariantGroup section */
		78836E7E13EAD25B0043F631 /* MainWindow.xib */ = {
			isa = PBXVariantGroup;
			children = (
				78836E7F13EAD25B0043F631 /* en */,
			);
			name = MainWindow.xib;
			sourceTree = "<group>";
		};
		78836E8713EAD25B0043F631 /* FirstView.xib */ = {
			isa = PBXVariantGroup;
			children = (
				78836E8813EAD25B0043F631 /* en */,
			);
			name = FirstView.xib;
			sourceTree = "<group>";
		};
/* End PBXVariantGroup section */

/* Begin XCBuildConfiguration section */
		78836E8D13EAD25B0043F631 /* Debug */ = {
			isa = XCBuildConfiguration;
			buildSettings = {
				ALWAYS_SEARCH_USER_PATHS = NO;
				"CODE_SIGN_IDENTITY[sdk=iphoneos*]" = "iPhone Developer";
				COPY_PHASE_STRIP = NO;
				GCC_C_LANGUAGE_STANDARD = gnu99;
				GCC_DYNAMIC_NO_PIC = NO;
				GCC_OPTIMIZATION_LEVEL = 0;
				GCC_PREPROCESSOR_DEFINITIONS = (
					"DEBUG=1",
					"$(inherited)",
				);
				GCC_SYMBOLS_PRIVATE_EXTERN = NO;
				GCC_VERSION = com.apple.compilers.llvm.clang.1_0;
				GCC_WARN_ABOUT_MISSING_PROTOTYPES = YES;
				GCC_WARN_ABOUT_RETURN_TYPE = YES;
				GCC_WARN_UNUSED_VARIABLE = YES;
				IPHONEOS_DEPLOYMENT_TARGET = 4.3;
				SDKROOT = iphoneos;
				TARGETED_DEVICE_FAMILY = "1,2";
			};
			name = Debug;
		};
		78836E8E13EAD25B0043F631 /* Release */ = {
			isa = XCBuildConfiguration;
			buildSettings = {
				ALWAYS_SEARCH_USER_PATHS = NO;
				"CODE_SIGN_IDENTITY[sdk=iphoneos*]" = "iPhone Developer";
				COPY_PHASE_STRIP = YES;
				GCC_C_LANGUAGE_STANDARD = gnu99;
				GCC_VERSION = com.apple.compilers.llvm.clang.1_0;
				GCC_WARN_ABOUT_MISSING_PROTOTYPES = YES;
				GCC_WARN_ABOUT_RETURN_TYPE = YES;
				GCC_WARN_UNUSED_VARIABLE = YES;
				IPHONEOS_DEPLOYMENT_TARGET = 4.3;
				OTHER_CFLAGS = "-DNS_BLOCK_ASSERTIONS=1";
				SDKROOT = iphoneos;
				TARGETED_DEVICE_FAMILY = "1,2";
				VALIDATE_PRODUCT = YES;
			};
			name = Release;
		};
		78836E9013EAD25B0043F631 /* Debug */ = {
			isa = XCBuildConfiguration;
			baseConfigurationReference = 78BE31E915B8DEB500FBB125 /* PSPDFKit.xcconfig */;
			buildSettings = {
				CLANG_ENABLE_OBJC_ARC = YES;
				FRAMEWORK_SEARCH_PATHS = "\"$(SRCROOT)/../PSPDFKit.embeddedframework\"";
				GCC_PRECOMPILE_PREFIX_HEADER = YES;
				GCC_PREFIX_HEADER = "EmbeddedExample/EmbeddedExample-Prefix.pch";
				INFOPLIST_FILE = "EmbeddedExample/EmbeddedExample-Info.plist";
				PRODUCT_NAME = "$(TARGET_NAME)";
				WRAPPER_EXTENSION = app;
			};
			name = Debug;
		};
		78836E9113EAD25B0043F631 /* Release */ = {
			isa = XCBuildConfiguration;
			baseConfigurationReference = 78BE31E915B8DEB500FBB125 /* PSPDFKit.xcconfig */;
			buildSettings = {
				CLANG_ENABLE_OBJC_ARC = YES;
				FRAMEWORK_SEARCH_PATHS = "\"$(SRCROOT)/../PSPDFKit.embeddedframework\"";
				GCC_PRECOMPILE_PREFIX_HEADER = YES;
				GCC_PREFIX_HEADER = "EmbeddedExample/EmbeddedExample-Prefix.pch";
				INFOPLIST_FILE = "EmbeddedExample/EmbeddedExample-Info.plist";
				PRODUCT_NAME = "$(TARGET_NAME)";
				WRAPPER_EXTENSION = app;
			};
			name = Release;
		};
/* End XCBuildConfiguration section */

/* Begin XCConfigurationList section */
		78836E6213EAD25B0043F631 /* Build configuration list for PBXProject "EmbeddedExample" */ = {
			isa = XCConfigurationList;
			buildConfigurations = (
				78836E8D13EAD25B0043F631 /* Debug */,
				78836E8E13EAD25B0043F631 /* Release */,
			);
			defaultConfigurationIsVisible = 0;
			defaultConfigurationName = Release;
		};
		78836E8F13EAD25B0043F631 /* Build configuration list for PBXNativeTarget "EmbeddedEx" */ = {
			isa = XCConfigurationList;
			buildConfigurations = (
				78836E9013EAD25B0043F631 /* Debug */,
				78836E9113EAD25B0043F631 /* Release */,
			);
			defaultConfigurationIsVisible = 0;
			defaultConfigurationName = Release;
		};
/* End XCConfigurationList section */
	};
	rootObject = 78836E5F13EAD25B0043F631 /* Project object */;
}
